
Microsoft Visual Studio Solution File, Format Version 12.00
# Visual Studio 14
VisualStudioVersion = 14.0.23107.0
MinimumVisualStudioVersion = 10.0.40219.1
Project("{FAE04EC0-301F-11D3-BF4B-00C04F79EFBC}") = "StringCalculation", "StringCalculation\StringCalculation.csproj", "{63291FB3-412C-4B23-A9CA-637712ED7F57}"
EndProject
Project("{FAE04EC0-301F-11D3-BF4B-00C04F79EFBC}") = "StringCalculation.Test", "StringCalculation.Test\StringCalculation.Test.csproj", "{EBC37516-D2EA-4BB1-BA06-1607B94A44A7}"
EndProject
Project("{2150E333-8FDC-42A3-9474-1A3956D46DE8}") = "Haiku", "Haiku", "{D109AE09-3471-4965-AFDC-3F73E01BE329}"
EndProject
Project("{FAE04EC0-301F-11D3-BF4B-00C04F79EFBC}") = "Haiku.Logic", "Haiku.Logic\Haiku.Logic.csproj", "{79E88B8A-91B9-4929-B156-3368455CB723}"
EndProject
Project("{FAE04EC0-301F-11D3-BF4B-00C04F79EFBC}") = "Haiku.Tests", "Haiku.Tests\Haiku.Tests.csproj", "{4FB134AD-1DA6-4A02-B9BD-873E94469324}"
EndProject
Project("{2150E333-8FDC-42A3-9474-1A3956D46DE8}") = "StringCalculator", "StringCalculator", "{F92CC5F5-2E68-4DB2-9E9E-30DBEB2222EC}"
EndProject
Project("{2150E333-8FDC-42A3-9474-1A3956D46DE8}") = "Reordering", "Reordering", "{D8D968C8-C5A3-487A-8F6A-3A569CEB7A7D}"
EndProject
Project("{FAE04EC0-301F-11D3-BF4B-00C04F79EFBC}") = "Reorderer.Logic", "Reorderer\Reorderer.Logic.csproj", "{647CA819-CFA9-41C0-A53D-F180BCECA823}"
EndProject
Project("{FAE04EC0-301F-11D3-BF4B-00C04F79EFBC}") = "Reorderer.Tests", "Reorderer.Tests\Reorderer.Tests.csproj", "{220A75EC-BA39-42FA-9DCF-3B29F10DBCB7}"
EndProject
Project("{2150E333-8FDC-42A3-9474-1A3956D46DE8}") = "Tennis", "Tennis", "{0DCA8590-1763-4ADA-A40D-D542E050A9EC}"
EndProject
Project("{FAE04EC0-301F-11D3-BF4B-00C04F79EFBC}") = "Tennis.Logic", "TennisScorer\Tennis.Logic.csproj", "{A4F06334-03A2-48DA-8777-4A62ACA7C371}"
EndProject
Project("{FAE04EC0-301F-11D3-BF4B-00C04F79EFBC}") = "Tennis.Tests", "Tennis.Tests\Tennis.Tests.csproj", "{A5A1B3D1-7CD8-480A-8B2A-4CB8A72CC4B8}"
EndProject
Project("{2150E333-8FDC-42A3-9474-1A3956D46DE8}") = "NumberNames", "NumberNames", "{8241C119-EEDF-4D78-9BF1-841D190F7AF1}"
EndProject
Project("{FAE04EC0-301F-11D3-BF4B-00C04F79EFBC}") = "NumberNames.Test", "NumberNames.Test\NumberNames.Test.csproj", "{DDD569A0-1E88-446C-A59F-244C7EECEC95}"
EndProject
Project("{FAE04EC0-301F-11D3-BF4B-00C04F79EFBC}") = "NumberNames.Logic", "NumberNames.Logic\NumberNames.Logic.csproj", "{59F4A7ED-073A-464F-8816-20FEC5EB559E}"
EndProject
Project("{2150E333-8FDC-42A3-9474-1A3956D46DE8}") = "ManualMock", "ManualMock", "{C8D5AEE1-105D-4148-8EB8-92E2D3677ED1}"
EndProject
Project("{FAE04EC0-301F-11D3-BF4B-00C04F79EFBC}") = "ManualMock.Logic", "ManualMock.Logic\ManualMock.Logic.csproj", "{AFF1A116-F5E1-4D2A-AE38-3C4D60AA1463}"
EndProject
Project("{FAE04EC0-301F-11D3-BF4B-00C04F79EFBC}") = "ManualMock.Tests", "ManualMock.Tests\ManualMock.Tests.csproj", "{3B54B201-6846-4A66-B87E-CC050CE18C96}"
EndProject
Project("{2150E333-8FDC-42A3-9474-1A3956D46DE8}") = "SumOfMultiplesOf3And5", "SumOfMultiplesOf3And5", "{4BEDEC65-2B2D-4038-A5E1-8D3DE4B9596D}"
EndProject
Project("{FAE04EC0-301F-11D3-BF4B-00C04F79EFBC}") = "MultiplesOf3And5.Tests", "MultiplesOf3And5.Tests\MultiplesOf3And5.Tests.csproj", "{DB9A2C5F-BC46-47F4-B451-8BEB7142DCE5}"
EndProject
Project("{FAE04EC0-301F-11D3-BF4B-00C04F79EFBC}") = "MultiplesOf3And5.Logic", "MultiplesOf3And5.Logic\MultiplesOf3And5.Logic.csproj", "{4C7C2837-E4AA-46C1-AFF5-0210231842B4}"
EndProject
Project("{2150E333-8FDC-42A3-9474-1A3956D46DE8}") = "EvenFibonacciNumbers", "EvenFibonacciNumbers", "{8B01F0D4-C0D9-4A6F-A101-557213870DE9}"
EndProject
Project("{FAE04EC0-301F-11D3-BF4B-00C04F79EFBC}") = "EvenFibonacciNumbers.Logic", "EvenFibonacciNumbers.Logic\EvenFibonacciNumbers.Logic.csproj", "{AA1386C4-6B05-40A2-A568-D0039A4376B0}"
EndProject
Project("{FAE04EC0-301F-11D3-BF4B-00C04F79EFBC}") = "EvenFibonacciNumbers.Tests", "EvenFibonacciNumbers.Tests\EvenFibonacciNumbers.Tests.csproj", "{54934A42-7867-46F3-87A7-12DF2C7082C1}"
EndProject
Project("{2150E333-8FDC-42A3-9474-1A3956D46DE8}") = "LargestPrimeFactor", "LargestPrimeFactor", "{089F8398-CA3E-4C1B-BA90-C005E2BE0CFF}"
EndProject
Project("{FAE04EC0-301F-11D3-BF4B-00C04F79EFBC}") = "PrimeFactorer.Logic", "PrimeFactorer.Logic\PrimeFactorer.Logic.csproj", "{AADF5CE5-2F3F-4335-A1EE-F6BBEE705E82}"
EndProject
Project("{FAE04EC0-301F-11D3-BF4B-00C04F79EFBC}") = "PrimeFactorer.Tests", "PrimeFactorer.Tests\PrimeFactorer.Tests.csproj", "{392BFD58-3096-45E3-BF54-21216F8837A8}"
EndProject
Project("{2150E333-8FDC-42A3-9474-1A3956D46DE8}") = "RecentlyUsedList", "RecentlyUsedList", "{8B3BD1C0-734A-46C2-88A0-EC02302ABF98}"
EndProject
Project("{FAE04EC0-301F-11D3-BF4B-00C04F79EFBC}") = "RecentlyUsedList.Tests", "RecentlyUsedList.Tests\RecentlyUsedList.Tests.csproj", "{C00237AB-3722-4908-9AEE-3BEB3051EEDC}"
EndProject
Project("{FAE04EC0-301F-11D3-BF4B-00C04F79EFBC}") = "RecentlyUsedList.Logic", "RecentlyUsedList.Logic\RecentlyUsedList.Logic.csproj", "{95D63C8C-6D5C-49BB-AA60-F65222071ED6}"
EndProject
Global
	GlobalSection(SolutionConfigurationPlatforms) = preSolution
		Debug|Android = Debug|Android
		Debug|Any CPU = Debug|Any CPU
		Debug|iOS = Debug|iOS
		Debug|Mixed Platforms = Debug|Mixed Platforms
		Debug|Windows Phone (Universal) = Debug|Windows Phone (Universal)
		Debug|Windows Phone 8 = Debug|Windows Phone 8
		Debug|Windows-AnyCPU = Debug|Windows-AnyCPU
		Debug|Windows-ARM = Debug|Windows-ARM
		Debug|Windows-x64 = Debug|Windows-x64
		Debug|Windows-x86 = Debug|Windows-x86
		Distribution|Android = Distribution|Android
		Distribution|Any CPU = Distribution|Any CPU
		Distribution|iOS = Distribution|iOS
		Distribution|Mixed Platforms = Distribution|Mixed Platforms
		Distribution|Windows Phone (Universal) = Distribution|Windows Phone (Universal)
		Distribution|Windows Phone 8 = Distribution|Windows Phone 8
		Distribution|Windows-AnyCPU = Distribution|Windows-AnyCPU
		Distribution|Windows-ARM = Distribution|Windows-ARM
		Distribution|Windows-x64 = Distribution|Windows-x64
		Distribution|Windows-x86 = Distribution|Windows-x86
		Release|Android = Release|Android
		Release|Any CPU = Release|Any CPU
		Release|iOS = Release|iOS
		Release|Mixed Platforms = Release|Mixed Platforms
		Release|Windows Phone (Universal) = Release|Windows Phone (Universal)
		Release|Windows Phone 8 = Release|Windows Phone 8
		Release|Windows-AnyCPU = Release|Windows-AnyCPU
		Release|Windows-ARM = Release|Windows-ARM
		Release|Windows-x64 = Release|Windows-x64
		Release|Windows-x86 = Release|Windows-x86
	EndGlobalSection
	GlobalSection(ProjectConfigurationPlatforms) = postSolution
		{63291FB3-412C-4B23-A9CA-637712ED7F57}.Debug|Android.ActiveCfg = Debug|Any CPU
		{63291FB3-412C-4B23-A9CA-637712ED7F57}.Debug|Any CPU.ActiveCfg = Debug|Any CPU
		{63291FB3-412C-4B23-A9CA-637712ED7F57}.Debug|Any CPU.Build.0 = Debug|Any CPU
		{63291FB3-412C-4B23-A9CA-637712ED7F57}.Debug|iOS.ActiveCfg = Debug|Any CPU
		{63291FB3-412C-4B23-A9CA-637712ED7F57}.Debug|Mixed Platforms.ActiveCfg = Debug|Any CPU
		{63291FB3-412C-4B23-A9CA-637712ED7F57}.Debug|Mixed Platforms.Build.0 = Debug|Any CPU
		{63291FB3-412C-4B23-A9CA-637712ED7F57}.Debug|Windows Phone (Universal).ActiveCfg = Debug|Any CPU
		{63291FB3-412C-4B23-A9CA-637712ED7F57}.Debug|Windows Phone 8.ActiveCfg = Debug|Any CPU
		{63291FB3-412C-4B23-A9CA-637712ED7F57}.Debug|Windows-AnyCPU.ActiveCfg = Debug|Any CPU
		{63291FB3-412C-4B23-A9CA-637712ED7F57}.Debug|Windows-ARM.ActiveCfg = Debug|Any CPU
		{63291FB3-412C-4B23-A9CA-637712ED7F57}.Debug|Windows-x64.ActiveCfg = Debug|Any CPU
		{63291FB3-412C-4B23-A9CA-637712ED7F57}.Debug|Windows-x86.ActiveCfg = Debug|Any CPU
		{63291FB3-412C-4B23-A9CA-637712ED7F57}.Distribution|Android.ActiveCfg = Debug|Any CPU
		{63291FB3-412C-4B23-A9CA-637712ED7F57}.Distribution|Any CPU.ActiveCfg = Debug|Any CPU
		{63291FB3-412C-4B23-A9CA-637712ED7F57}.Distribution|Any CPU.Build.0 = Debug|Any CPU
		{63291FB3-412C-4B23-A9CA-637712ED7F57}.Distribution|iOS.ActiveCfg = Debug|Any CPU
		{63291FB3-412C-4B23-A9CA-637712ED7F57}.Distribution|Mixed Platforms.ActiveCfg = Debug|Any CPU
		{63291FB3-412C-4B23-A9CA-637712ED7F57}.Distribution|Mixed Platforms.Build.0 = Debug|Any CPU
		{63291FB3-412C-4B23-A9CA-637712ED7F57}.Distribution|Windows Phone (Universal).ActiveCfg = Debug|Any CPU
		{63291FB3-412C-4B23-A9CA-637712ED7F57}.Distribution|Windows Phone 8.ActiveCfg = Debug|Any CPU
		{63291FB3-412C-4B23-A9CA-637712ED7F57}.Distribution|Windows-AnyCPU.ActiveCfg = Debug|Any CPU
		{63291FB3-412C-4B23-A9CA-637712ED7F57}.Distribution|Windows-ARM.ActiveCfg = Debug|Any CPU
		{63291FB3-412C-4B23-A9CA-637712ED7F57}.Distribution|Windows-x64.ActiveCfg = Debug|Any CPU
		{63291FB3-412C-4B23-A9CA-637712ED7F57}.Distribution|Windows-x86.ActiveCfg = Debug|Any CPU
		{63291FB3-412C-4B23-A9CA-637712ED7F57}.Release|Android.ActiveCfg = Release|Any CPU
		{63291FB3-412C-4B23-A9CA-637712ED7F57}.Release|Any CPU.ActiveCfg = Release|Any CPU
		{63291FB3-412C-4B23-A9CA-637712ED7F57}.Release|Any CPU.Build.0 = Release|Any CPU
		{63291FB3-412C-4B23-A9CA-637712ED7F57}.Release|iOS.ActiveCfg = Release|Any CPU
		{63291FB3-412C-4B23-A9CA-637712ED7F57}.Release|Mixed Platforms.ActiveCfg = Release|Any CPU
		{63291FB3-412C-4B23-A9CA-637712ED7F57}.Release|Mixed Platforms.Build.0 = Release|Any CPU
		{63291FB3-412C-4B23-A9CA-637712ED7F57}.Release|Windows Phone (Universal).ActiveCfg = Release|Any CPU
		{63291FB3-412C-4B23-A9CA-637712ED7F57}.Release|Windows Phone 8.ActiveCfg = Release|Any CPU
		{63291FB3-412C-4B23-A9CA-637712ED7F57}.Release|Windows-AnyCPU.ActiveCfg = Release|Any CPU
		{63291FB3-412C-4B23-A9CA-637712ED7F57}.Release|Windows-ARM.ActiveCfg = Release|Any CPU
		{63291FB3-412C-4B23-A9CA-637712ED7F57}.Release|Windows-x64.ActiveCfg = Release|Any CPU
		{63291FB3-412C-4B23-A9CA-637712ED7F57}.Release|Windows-x86.ActiveCfg = Release|Any CPU
		{EBC37516-D2EA-4BB1-BA06-1607B94A44A7}.Debug|Android.ActiveCfg = Debug|Any CPU
		{EBC37516-D2EA-4BB1-BA06-1607B94A44A7}.Debug|Any CPU.ActiveCfg = Debug|Any CPU
		{EBC37516-D2EA-4BB1-BA06-1607B94A44A7}.Debug|Any CPU.Build.0 = Debug|Any CPU
		{EBC37516-D2EA-4BB1-BA06-1607B94A44A7}.Debug|iOS.ActiveCfg = Debug|Any CPU
		{EBC37516-D2EA-4BB1-BA06-1607B94A44A7}.Debug|Mixed Platforms.ActiveCfg = Debug|Any CPU
		{EBC37516-D2EA-4BB1-BA06-1607B94A44A7}.Debug|Mixed Platforms.Build.0 = Debug|Any CPU
		{EBC37516-D2EA-4BB1-BA06-1607B94A44A7}.Debug|Windows Phone (Universal).ActiveCfg = Debug|Any CPU
		{EBC37516-D2EA-4BB1-BA06-1607B94A44A7}.Debug|Windows Phone 8.ActiveCfg = Debug|Any CPU
		{EBC37516-D2EA-4BB1-BA06-1607B94A44A7}.Debug|Windows-AnyCPU.ActiveCfg = Debug|Any CPU
		{EBC37516-D2EA-4BB1-BA06-1607B94A44A7}.Debug|Windows-ARM.ActiveCfg = Debug|Any CPU
		{EBC37516-D2EA-4BB1-BA06-1607B94A44A7}.Debug|Windows-x64.ActiveCfg = Debug|Any CPU
		{EBC37516-D2EA-4BB1-BA06-1607B94A44A7}.Debug|Windows-x86.ActiveCfg = Debug|Any CPU
		{EBC37516-D2EA-4BB1-BA06-1607B94A44A7}.Distribution|Android.ActiveCfg = Debug|Any CPU
		{EBC37516-D2EA-4BB1-BA06-1607B94A44A7}.Distribution|Any CPU.ActiveCfg = Debug|Any CPU
		{EBC37516-D2EA-4BB1-BA06-1607B94A44A7}.Distribution|Any CPU.Build.0 = Debug|Any CPU
		{EBC37516-D2EA-4BB1-BA06-1607B94A44A7}.Distribution|iOS.ActiveCfg = Debug|Any CPU
		{EBC37516-D2EA-4BB1-BA06-1607B94A44A7}.Distribution|Mixed Platforms.ActiveCfg = Debug|Any CPU
		{EBC37516-D2EA-4BB1-BA06-1607B94A44A7}.Distribution|Mixed Platforms.Build.0 = Debug|Any CPU
		{EBC37516-D2EA-4BB1-BA06-1607B94A44A7}.Distribution|Windows Phone (Universal).ActiveCfg = Debug|Any CPU
		{EBC37516-D2EA-4BB1-BA06-1607B94A44A7}.Distribution|Windows Phone 8.ActiveCfg = Debug|Any CPU
		{EBC37516-D2EA-4BB1-BA06-1607B94A44A7}.Distribution|Windows-AnyCPU.ActiveCfg = Debug|Any CPU
		{EBC37516-D2EA-4BB1-BA06-1607B94A44A7}.Distribution|Windows-ARM.ActiveCfg = Debug|Any CPU
		{EBC37516-D2EA-4BB1-BA06-1607B94A44A7}.Distribution|Windows-x64.ActiveCfg = Debug|Any CPU
		{EBC37516-D2EA-4BB1-BA06-1607B94A44A7}.Distribution|Windows-x86.ActiveCfg = Debug|Any CPU
		{EBC37516-D2EA-4BB1-BA06-1607B94A44A7}.Release|Android.ActiveCfg = Release|Any CPU
		{EBC37516-D2EA-4BB1-BA06-1607B94A44A7}.Release|Any CPU.ActiveCfg = Release|Any CPU
		{EBC37516-D2EA-4BB1-BA06-1607B94A44A7}.Release|Any CPU.Build.0 = Release|Any CPU
		{EBC37516-D2EA-4BB1-BA06-1607B94A44A7}.Release|iOS.ActiveCfg = Release|Any CPU
		{EBC37516-D2EA-4BB1-BA06-1607B94A44A7}.Release|Mixed Platforms.ActiveCfg = Release|Any CPU
		{EBC37516-D2EA-4BB1-BA06-1607B94A44A7}.Release|Mixed Platforms.Build.0 = Release|Any CPU
		{EBC37516-D2EA-4BB1-BA06-1607B94A44A7}.Release|Windows Phone (Universal).ActiveCfg = Release|Any CPU
		{EBC37516-D2EA-4BB1-BA06-1607B94A44A7}.Release|Windows Phone 8.ActiveCfg = Release|Any CPU
		{EBC37516-D2EA-4BB1-BA06-1607B94A44A7}.Release|Windows-AnyCPU.ActiveCfg = Release|Any CPU
		{EBC37516-D2EA-4BB1-BA06-1607B94A44A7}.Release|Windows-ARM.ActiveCfg = Release|Any CPU
		{EBC37516-D2EA-4BB1-BA06-1607B94A44A7}.Release|Windows-x64.ActiveCfg = Release|Any CPU
		{EBC37516-D2EA-4BB1-BA06-1607B94A44A7}.Release|Windows-x86.ActiveCfg = Release|Any CPU
		{79E88B8A-91B9-4929-B156-3368455CB723}.Debug|Android.ActiveCfg = Debug|Any CPU
		{79E88B8A-91B9-4929-B156-3368455CB723}.Debug|Any CPU.ActiveCfg = Debug|Any CPU
		{79E88B8A-91B9-4929-B156-3368455CB723}.Debug|Any CPU.Build.0 = Debug|Any CPU
		{79E88B8A-91B9-4929-B156-3368455CB723}.Debug|iOS.ActiveCfg = Debug|Any CPU
		{79E88B8A-91B9-4929-B156-3368455CB723}.Debug|Mixed Platforms.ActiveCfg = Debug|Any CPU
		{79E88B8A-91B9-4929-B156-3368455CB723}.Debug|Mixed Platforms.Build.0 = Debug|Any CPU
		{79E88B8A-91B9-4929-B156-3368455CB723}.Debug|Windows Phone (Universal).ActiveCfg = Debug|Any CPU
		{79E88B8A-91B9-4929-B156-3368455CB723}.Debug|Windows Phone 8.ActiveCfg = Debug|Any CPU
		{79E88B8A-91B9-4929-B156-3368455CB723}.Debug|Windows-AnyCPU.ActiveCfg = Debug|Any CPU
		{79E88B8A-91B9-4929-B156-3368455CB723}.Debug|Windows-ARM.ActiveCfg = Debug|Any CPU
		{79E88B8A-91B9-4929-B156-3368455CB723}.Debug|Windows-x64.ActiveCfg = Debug|Any CPU
		{79E88B8A-91B9-4929-B156-3368455CB723}.Debug|Windows-x86.ActiveCfg = Debug|Any CPU
		{79E88B8A-91B9-4929-B156-3368455CB723}.Distribution|Android.ActiveCfg = Debug|Any CPU
		{79E88B8A-91B9-4929-B156-3368455CB723}.Distribution|Any CPU.ActiveCfg = Debug|Any CPU
		{79E88B8A-91B9-4929-B156-3368455CB723}.Distribution|Any CPU.Build.0 = Debug|Any CPU
		{79E88B8A-91B9-4929-B156-3368455CB723}.Distribution|iOS.ActiveCfg = Debug|Any CPU
		{79E88B8A-91B9-4929-B156-3368455CB723}.Distribution|Mixed Platforms.ActiveCfg = Debug|Any CPU
		{79E88B8A-91B9-4929-B156-3368455CB723}.Distribution|Mixed Platforms.Build.0 = Debug|Any CPU
		{79E88B8A-91B9-4929-B156-3368455CB723}.Distribution|Windows Phone (Universal).ActiveCfg = Debug|Any CPU
		{79E88B8A-91B9-4929-B156-3368455CB723}.Distribution|Windows Phone 8.ActiveCfg = Debug|Any CPU
		{79E88B8A-91B9-4929-B156-3368455CB723}.Distribution|Windows-AnyCPU.ActiveCfg = Debug|Any CPU
		{79E88B8A-91B9-4929-B156-3368455CB723}.Distribution|Windows-ARM.ActiveCfg = Debug|Any CPU
		{79E88B8A-91B9-4929-B156-3368455CB723}.Distribution|Windows-x64.ActiveCfg = Debug|Any CPU
		{79E88B8A-91B9-4929-B156-3368455CB723}.Distribution|Windows-x86.ActiveCfg = Debug|Any CPU
		{79E88B8A-91B9-4929-B156-3368455CB723}.Release|Android.ActiveCfg = Release|Any CPU
		{79E88B8A-91B9-4929-B156-3368455CB723}.Release|Any CPU.ActiveCfg = Release|Any CPU
		{79E88B8A-91B9-4929-B156-3368455CB723}.Release|Any CPU.Build.0 = Release|Any CPU
		{79E88B8A-91B9-4929-B156-3368455CB723}.Release|iOS.ActiveCfg = Release|Any CPU
		{79E88B8A-91B9-4929-B156-3368455CB723}.Release|Mixed Platforms.ActiveCfg = Release|Any CPU
		{79E88B8A-91B9-4929-B156-3368455CB723}.Release|Mixed Platforms.Build.0 = Release|Any CPU
		{79E88B8A-91B9-4929-B156-3368455CB723}.Release|Windows Phone (Universal).ActiveCfg = Release|Any CPU
		{79E88B8A-91B9-4929-B156-3368455CB723}.Release|Windows Phone 8.ActiveCfg = Release|Any CPU
		{79E88B8A-91B9-4929-B156-3368455CB723}.Release|Windows-AnyCPU.ActiveCfg = Release|Any CPU
		{79E88B8A-91B9-4929-B156-3368455CB723}.Release|Windows-ARM.ActiveCfg = Release|Any CPU
		{79E88B8A-91B9-4929-B156-3368455CB723}.Release|Windows-x64.ActiveCfg = Release|Any CPU
		{79E88B8A-91B9-4929-B156-3368455CB723}.Release|Windows-x86.ActiveCfg = Release|Any CPU
		{4FB134AD-1DA6-4A02-B9BD-873E94469324}.Debug|Android.ActiveCfg = Debug|Any CPU
		{4FB134AD-1DA6-4A02-B9BD-873E94469324}.Debug|Any CPU.ActiveCfg = Debug|Any CPU
		{4FB134AD-1DA6-4A02-B9BD-873E94469324}.Debug|Any CPU.Build.0 = Debug|Any CPU
		{4FB134AD-1DA6-4A02-B9BD-873E94469324}.Debug|iOS.ActiveCfg = Debug|Any CPU
		{4FB134AD-1DA6-4A02-B9BD-873E94469324}.Debug|Mixed Platforms.ActiveCfg = Debug|Any CPU
		{4FB134AD-1DA6-4A02-B9BD-873E94469324}.Debug|Mixed Platforms.Build.0 = Debug|Any CPU
		{4FB134AD-1DA6-4A02-B9BD-873E94469324}.Debug|Windows Phone (Universal).ActiveCfg = Debug|Any CPU
		{4FB134AD-1DA6-4A02-B9BD-873E94469324}.Debug|Windows Phone 8.ActiveCfg = Debug|Any CPU
		{4FB134AD-1DA6-4A02-B9BD-873E94469324}.Debug|Windows-AnyCPU.ActiveCfg = Debug|Any CPU
		{4FB134AD-1DA6-4A02-B9BD-873E94469324}.Debug|Windows-ARM.ActiveCfg = Debug|Any CPU
		{4FB134AD-1DA6-4A02-B9BD-873E94469324}.Debug|Windows-x64.ActiveCfg = Debug|Any CPU
		{4FB134AD-1DA6-4A02-B9BD-873E94469324}.Debug|Windows-x86.ActiveCfg = Debug|Any CPU
		{4FB134AD-1DA6-4A02-B9BD-873E94469324}.Distribution|Android.ActiveCfg = Debug|Any CPU
		{4FB134AD-1DA6-4A02-B9BD-873E94469324}.Distribution|Any CPU.ActiveCfg = Debug|Any CPU
		{4FB134AD-1DA6-4A02-B9BD-873E94469324}.Distribution|Any CPU.Build.0 = Debug|Any CPU
		{4FB134AD-1DA6-4A02-B9BD-873E94469324}.Distribution|iOS.ActiveCfg = Debug|Any CPU
		{4FB134AD-1DA6-4A02-B9BD-873E94469324}.Distribution|Mixed Platforms.ActiveCfg = Debug|Any CPU
		{4FB134AD-1DA6-4A02-B9BD-873E94469324}.Distribution|Mixed Platforms.Build.0 = Debug|Any CPU
		{4FB134AD-1DA6-4A02-B9BD-873E94469324}.Distribution|Windows Phone (Universal).ActiveCfg = Debug|Any CPU
		{4FB134AD-1DA6-4A02-B9BD-873E94469324}.Distribution|Windows Phone 8.ActiveCfg = Debug|Any CPU
		{4FB134AD-1DA6-4A02-B9BD-873E94469324}.Distribution|Windows-AnyCPU.ActiveCfg = Debug|Any CPU
		{4FB134AD-1DA6-4A02-B9BD-873E94469324}.Distribution|Windows-ARM.ActiveCfg = Debug|Any CPU
		{4FB134AD-1DA6-4A02-B9BD-873E94469324}.Distribution|Windows-x64.ActiveCfg = Debug|Any CPU
		{4FB134AD-1DA6-4A02-B9BD-873E94469324}.Distribution|Windows-x86.ActiveCfg = Debug|Any CPU
		{4FB134AD-1DA6-4A02-B9BD-873E94469324}.Release|Android.ActiveCfg = Release|Any CPU
		{4FB134AD-1DA6-4A02-B9BD-873E94469324}.Release|Any CPU.ActiveCfg = Release|Any CPU
		{4FB134AD-1DA6-4A02-B9BD-873E94469324}.Release|Any CPU.Build.0 = Release|Any CPU
		{4FB134AD-1DA6-4A02-B9BD-873E94469324}.Release|iOS.ActiveCfg = Release|Any CPU
		{4FB134AD-1DA6-4A02-B9BD-873E94469324}.Release|Mixed Platforms.ActiveCfg = Release|Any CPU
		{4FB134AD-1DA6-4A02-B9BD-873E94469324}.Release|Mixed Platforms.Build.0 = Release|Any CPU
		{4FB134AD-1DA6-4A02-B9BD-873E94469324}.Release|Windows Phone (Universal).ActiveCfg = Release|Any CPU
		{4FB134AD-1DA6-4A02-B9BD-873E94469324}.Release|Windows Phone 8.ActiveCfg = Release|Any CPU
		{4FB134AD-1DA6-4A02-B9BD-873E94469324}.Release|Windows-AnyCPU.ActiveCfg = Release|Any CPU
		{4FB134AD-1DA6-4A02-B9BD-873E94469324}.Release|Windows-ARM.ActiveCfg = Release|Any CPU
		{4FB134AD-1DA6-4A02-B9BD-873E94469324}.Release|Windows-x64.ActiveCfg = Release|Any CPU
		{4FB134AD-1DA6-4A02-B9BD-873E94469324}.Release|Windows-x86.ActiveCfg = Release|Any CPU
		{647CA819-CFA9-41C0-A53D-F180BCECA823}.Debug|Android.ActiveCfg = Debug|Any CPU
		{647CA819-CFA9-41C0-A53D-F180BCECA823}.Debug|Any CPU.ActiveCfg = Debug|Any CPU
		{647CA819-CFA9-41C0-A53D-F180BCECA823}.Debug|Any CPU.Build.0 = Debug|Any CPU
		{647CA819-CFA9-41C0-A53D-F180BCECA823}.Debug|iOS.ActiveCfg = Debug|Any CPU
		{647CA819-CFA9-41C0-A53D-F180BCECA823}.Debug|Mixed Platforms.ActiveCfg = Debug|Any CPU
		{647CA819-CFA9-41C0-A53D-F180BCECA823}.Debug|Mixed Platforms.Build.0 = Debug|Any CPU
		{647CA819-CFA9-41C0-A53D-F180BCECA823}.Debug|Windows Phone (Universal).ActiveCfg = Debug|Any CPU
		{647CA819-CFA9-41C0-A53D-F180BCECA823}.Debug|Windows Phone 8.ActiveCfg = Debug|Any CPU
		{647CA819-CFA9-41C0-A53D-F180BCECA823}.Debug|Windows-AnyCPU.ActiveCfg = Debug|Any CPU
		{647CA819-CFA9-41C0-A53D-F180BCECA823}.Debug|Windows-ARM.ActiveCfg = Debug|Any CPU
		{647CA819-CFA9-41C0-A53D-F180BCECA823}.Debug|Windows-x64.ActiveCfg = Debug|Any CPU
		{647CA819-CFA9-41C0-A53D-F180BCECA823}.Debug|Windows-x86.ActiveCfg = Debug|Any CPU
		{647CA819-CFA9-41C0-A53D-F180BCECA823}.Distribution|Android.ActiveCfg = Debug|Any CPU
		{647CA819-CFA9-41C0-A53D-F180BCECA823}.Distribution|Any CPU.ActiveCfg = Debug|Any CPU
		{647CA819-CFA9-41C0-A53D-F180BCECA823}.Distribution|Any CPU.Build.0 = Debug|Any CPU
		{647CA819-CFA9-41C0-A53D-F180BCECA823}.Distribution|iOS.ActiveCfg = Debug|Any CPU
		{647CA819-CFA9-41C0-A53D-F180BCECA823}.Distribution|Mixed Platforms.ActiveCfg = Debug|Any CPU
		{647CA819-CFA9-41C0-A53D-F180BCECA823}.Distribution|Mixed Platforms.Build.0 = Debug|Any CPU
		{647CA819-CFA9-41C0-A53D-F180BCECA823}.Distribution|Windows Phone (Universal).ActiveCfg = Debug|Any CPU
		{647CA819-CFA9-41C0-A53D-F180BCECA823}.Distribution|Windows Phone 8.ActiveCfg = Debug|Any CPU
		{647CA819-CFA9-41C0-A53D-F180BCECA823}.Distribution|Windows-AnyCPU.ActiveCfg = Debug|Any CPU
		{647CA819-CFA9-41C0-A53D-F180BCECA823}.Distribution|Windows-ARM.ActiveCfg = Debug|Any CPU
		{647CA819-CFA9-41C0-A53D-F180BCECA823}.Distribution|Windows-x64.ActiveCfg = Debug|Any CPU
		{647CA819-CFA9-41C0-A53D-F180BCECA823}.Distribution|Windows-x86.ActiveCfg = Debug|Any CPU
		{647CA819-CFA9-41C0-A53D-F180BCECA823}.Release|Android.ActiveCfg = Release|Any CPU
		{647CA819-CFA9-41C0-A53D-F180BCECA823}.Release|Any CPU.ActiveCfg = Release|Any CPU
		{647CA819-CFA9-41C0-A53D-F180BCECA823}.Release|Any CPU.Build.0 = Release|Any CPU
		{647CA819-CFA9-41C0-A53D-F180BCECA823}.Release|iOS.ActiveCfg = Release|Any CPU
		{647CA819-CFA9-41C0-A53D-F180BCECA823}.Release|Mixed Platforms.ActiveCfg = Release|Any CPU
		{647CA819-CFA9-41C0-A53D-F180BCECA823}.Release|Mixed Platforms.Build.0 = Release|Any CPU
		{647CA819-CFA9-41C0-A53D-F180BCECA823}.Release|Windows Phone (Universal).ActiveCfg = Release|Any CPU
		{647CA819-CFA9-41C0-A53D-F180BCECA823}.Release|Windows Phone 8.ActiveCfg = Release|Any CPU
		{647CA819-CFA9-41C0-A53D-F180BCECA823}.Release|Windows-AnyCPU.ActiveCfg = Release|Any CPU
		{647CA819-CFA9-41C0-A53D-F180BCECA823}.Release|Windows-ARM.ActiveCfg = Release|Any CPU
		{647CA819-CFA9-41C0-A53D-F180BCECA823}.Release|Windows-x64.ActiveCfg = Release|Any CPU
		{647CA819-CFA9-41C0-A53D-F180BCECA823}.Release|Windows-x86.ActiveCfg = Release|Any CPU
		{220A75EC-BA39-42FA-9DCF-3B29F10DBCB7}.Debug|Android.ActiveCfg = Debug|Any CPU
		{220A75EC-BA39-42FA-9DCF-3B29F10DBCB7}.Debug|Any CPU.ActiveCfg = Debug|Any CPU
		{220A75EC-BA39-42FA-9DCF-3B29F10DBCB7}.Debug|Any CPU.Build.0 = Debug|Any CPU
		{220A75EC-BA39-42FA-9DCF-3B29F10DBCB7}.Debug|iOS.ActiveCfg = Debug|Any CPU
		{220A75EC-BA39-42FA-9DCF-3B29F10DBCB7}.Debug|Mixed Platforms.ActiveCfg = Debug|Any CPU
		{220A75EC-BA39-42FA-9DCF-3B29F10DBCB7}.Debug|Mixed Platforms.Build.0 = Debug|Any CPU
		{220A75EC-BA39-42FA-9DCF-3B29F10DBCB7}.Debug|Windows Phone (Universal).ActiveCfg = Debug|Any CPU
		{220A75EC-BA39-42FA-9DCF-3B29F10DBCB7}.Debug|Windows Phone 8.ActiveCfg = Debug|Any CPU
		{220A75EC-BA39-42FA-9DCF-3B29F10DBCB7}.Debug|Windows-AnyCPU.ActiveCfg = Debug|Any CPU
		{220A75EC-BA39-42FA-9DCF-3B29F10DBCB7}.Debug|Windows-ARM.ActiveCfg = Debug|Any CPU
		{220A75EC-BA39-42FA-9DCF-3B29F10DBCB7}.Debug|Windows-x64.ActiveCfg = Debug|Any CPU
		{220A75EC-BA39-42FA-9DCF-3B29F10DBCB7}.Debug|Windows-x86.ActiveCfg = Debug|Any CPU
		{220A75EC-BA39-42FA-9DCF-3B29F10DBCB7}.Distribution|Android.ActiveCfg = Debug|Any CPU
		{220A75EC-BA39-42FA-9DCF-3B29F10DBCB7}.Distribution|Any CPU.ActiveCfg = Debug|Any CPU
		{220A75EC-BA39-42FA-9DCF-3B29F10DBCB7}.Distribution|Any CPU.Build.0 = Debug|Any CPU
		{220A75EC-BA39-42FA-9DCF-3B29F10DBCB7}.Distribution|iOS.ActiveCfg = Debug|Any CPU
		{220A75EC-BA39-42FA-9DCF-3B29F10DBCB7}.Distribution|Mixed Platforms.ActiveCfg = Debug|Any CPU
		{220A75EC-BA39-42FA-9DCF-3B29F10DBCB7}.Distribution|Mixed Platforms.Build.0 = Debug|Any CPU
		{220A75EC-BA39-42FA-9DCF-3B29F10DBCB7}.Distribution|Windows Phone (Universal).ActiveCfg = Debug|Any CPU
		{220A75EC-BA39-42FA-9DCF-3B29F10DBCB7}.Distribution|Windows Phone 8.ActiveCfg = Debug|Any CPU
		{220A75EC-BA39-42FA-9DCF-3B29F10DBCB7}.Distribution|Windows-AnyCPU.ActiveCfg = Debug|Any CPU
		{220A75EC-BA39-42FA-9DCF-3B29F10DBCB7}.Distribution|Windows-ARM.ActiveCfg = Debug|Any CPU
		{220A75EC-BA39-42FA-9DCF-3B29F10DBCB7}.Distribution|Windows-x64.ActiveCfg = Debug|Any CPU
		{220A75EC-BA39-42FA-9DCF-3B29F10DBCB7}.Distribution|Windows-x86.ActiveCfg = Debug|Any CPU
		{220A75EC-BA39-42FA-9DCF-3B29F10DBCB7}.Release|Android.ActiveCfg = Release|Any CPU
		{220A75EC-BA39-42FA-9DCF-3B29F10DBCB7}.Release|Any CPU.ActiveCfg = Release|Any CPU
		{220A75EC-BA39-42FA-9DCF-3B29F10DBCB7}.Release|Any CPU.Build.0 = Release|Any CPU
		{220A75EC-BA39-42FA-9DCF-3B29F10DBCB7}.Release|iOS.ActiveCfg = Release|Any CPU
		{220A75EC-BA39-42FA-9DCF-3B29F10DBCB7}.Release|Mixed Platforms.ActiveCfg = Release|Any CPU
		{220A75EC-BA39-42FA-9DCF-3B29F10DBCB7}.Release|Mixed Platforms.Build.0 = Release|Any CPU
		{220A75EC-BA39-42FA-9DCF-3B29F10DBCB7}.Release|Windows Phone (Universal).ActiveCfg = Release|Any CPU
		{220A75EC-BA39-42FA-9DCF-3B29F10DBCB7}.Release|Windows Phone 8.ActiveCfg = Release|Any CPU
		{220A75EC-BA39-42FA-9DCF-3B29F10DBCB7}.Release|Windows-AnyCPU.ActiveCfg = Release|Any CPU
		{220A75EC-BA39-42FA-9DCF-3B29F10DBCB7}.Release|Windows-ARM.ActiveCfg = Release|Any CPU
		{220A75EC-BA39-42FA-9DCF-3B29F10DBCB7}.Release|Windows-x64.ActiveCfg = Release|Any CPU
		{220A75EC-BA39-42FA-9DCF-3B29F10DBCB7}.Release|Windows-x86.ActiveCfg = Release|Any CPU
		{A4F06334-03A2-48DA-8777-4A62ACA7C371}.Debug|Android.ActiveCfg = Debug|Any CPU
		{A4F06334-03A2-48DA-8777-4A62ACA7C371}.Debug|Any CPU.ActiveCfg = Debug|Any CPU
		{A4F06334-03A2-48DA-8777-4A62ACA7C371}.Debug|Any CPU.Build.0 = Debug|Any CPU
		{A4F06334-03A2-48DA-8777-4A62ACA7C371}.Debug|iOS.ActiveCfg = Debug|Any CPU
		{A4F06334-03A2-48DA-8777-4A62ACA7C371}.Debug|Mixed Platforms.ActiveCfg = Debug|Any CPU
		{A4F06334-03A2-48DA-8777-4A62ACA7C371}.Debug|Mixed Platforms.Build.0 = Debug|Any CPU
		{A4F06334-03A2-48DA-8777-4A62ACA7C371}.Debug|Windows Phone (Universal).ActiveCfg = Debug|Any CPU
		{A4F06334-03A2-48DA-8777-4A62ACA7C371}.Debug|Windows Phone 8.ActiveCfg = Debug|Any CPU
		{A4F06334-03A2-48DA-8777-4A62ACA7C371}.Debug|Windows-AnyCPU.ActiveCfg = Debug|Any CPU
		{A4F06334-03A2-48DA-8777-4A62ACA7C371}.Debug|Windows-ARM.ActiveCfg = Debug|Any CPU
		{A4F06334-03A2-48DA-8777-4A62ACA7C371}.Debug|Windows-x64.ActiveCfg = Debug|Any CPU
		{A4F06334-03A2-48DA-8777-4A62ACA7C371}.Debug|Windows-x86.ActiveCfg = Debug|Any CPU
		{A4F06334-03A2-48DA-8777-4A62ACA7C371}.Distribution|Android.ActiveCfg = Debug|Any CPU
		{A4F06334-03A2-48DA-8777-4A62ACA7C371}.Distribution|Any CPU.ActiveCfg = Debug|Any CPU
		{A4F06334-03A2-48DA-8777-4A62ACA7C371}.Distribution|Any CPU.Build.0 = Debug|Any CPU
		{A4F06334-03A2-48DA-8777-4A62ACA7C371}.Distribution|iOS.ActiveCfg = Debug|Any CPU
		{A4F06334-03A2-48DA-8777-4A62ACA7C371}.Distribution|Mixed Platforms.ActiveCfg = Debug|Any CPU
		{A4F06334-03A2-48DA-8777-4A62ACA7C371}.Distribution|Mixed Platforms.Build.0 = Debug|Any CPU
		{A4F06334-03A2-48DA-8777-4A62ACA7C371}.Distribution|Windows Phone (Universal).ActiveCfg = Debug|Any CPU
		{A4F06334-03A2-48DA-8777-4A62ACA7C371}.Distribution|Windows Phone 8.ActiveCfg = Debug|Any CPU
		{A4F06334-03A2-48DA-8777-4A62ACA7C371}.Distribution|Windows-AnyCPU.ActiveCfg = Debug|Any CPU
		{A4F06334-03A2-48DA-8777-4A62ACA7C371}.Distribution|Windows-ARM.ActiveCfg = Debug|Any CPU
		{A4F06334-03A2-48DA-8777-4A62ACA7C371}.Distribution|Windows-x64.ActiveCfg = Debug|Any CPU
		{A4F06334-03A2-48DA-8777-4A62ACA7C371}.Distribution|Windows-x86.ActiveCfg = Debug|Any CPU
		{A4F06334-03A2-48DA-8777-4A62ACA7C371}.Release|Android.ActiveCfg = Release|Any CPU
		{A4F06334-03A2-48DA-8777-4A62ACA7C371}.Release|Any CPU.ActiveCfg = Release|Any CPU
		{A4F06334-03A2-48DA-8777-4A62ACA7C371}.Release|Any CPU.Build.0 = Release|Any CPU
		{A4F06334-03A2-48DA-8777-4A62ACA7C371}.Release|iOS.ActiveCfg = Release|Any CPU
		{A4F06334-03A2-48DA-8777-4A62ACA7C371}.Release|Mixed Platforms.ActiveCfg = Release|Any CPU
		{A4F06334-03A2-48DA-8777-4A62ACA7C371}.Release|Mixed Platforms.Build.0 = Release|Any CPU
		{A4F06334-03A2-48DA-8777-4A62ACA7C371}.Release|Windows Phone (Universal).ActiveCfg = Release|Any CPU
		{A4F06334-03A2-48DA-8777-4A62ACA7C371}.Release|Windows Phone 8.ActiveCfg = Release|Any CPU
		{A4F06334-03A2-48DA-8777-4A62ACA7C371}.Release|Windows-AnyCPU.ActiveCfg = Release|Any CPU
		{A4F06334-03A2-48DA-8777-4A62ACA7C371}.Release|Windows-ARM.ActiveCfg = Release|Any CPU
		{A4F06334-03A2-48DA-8777-4A62ACA7C371}.Release|Windows-x64.ActiveCfg = Release|Any CPU
		{A4F06334-03A2-48DA-8777-4A62ACA7C371}.Release|Windows-x86.ActiveCfg = Release|Any CPU
		{A5A1B3D1-7CD8-480A-8B2A-4CB8A72CC4B8}.Debug|Android.ActiveCfg = Debug|Any CPU
		{A5A1B3D1-7CD8-480A-8B2A-4CB8A72CC4B8}.Debug|Any CPU.ActiveCfg = Debug|Any CPU
		{A5A1B3D1-7CD8-480A-8B2A-4CB8A72CC4B8}.Debug|Any CPU.Build.0 = Debug|Any CPU
		{A5A1B3D1-7CD8-480A-8B2A-4CB8A72CC4B8}.Debug|iOS.ActiveCfg = Debug|Any CPU
		{A5A1B3D1-7CD8-480A-8B2A-4CB8A72CC4B8}.Debug|Mixed Platforms.ActiveCfg = Debug|Any CPU
		{A5A1B3D1-7CD8-480A-8B2A-4CB8A72CC4B8}.Debug|Mixed Platforms.Build.0 = Debug|Any CPU
		{A5A1B3D1-7CD8-480A-8B2A-4CB8A72CC4B8}.Debug|Windows Phone (Universal).ActiveCfg = Debug|Any CPU
		{A5A1B3D1-7CD8-480A-8B2A-4CB8A72CC4B8}.Debug|Windows Phone 8.ActiveCfg = Debug|Any CPU
		{A5A1B3D1-7CD8-480A-8B2A-4CB8A72CC4B8}.Debug|Windows-AnyCPU.ActiveCfg = Debug|Any CPU
		{A5A1B3D1-7CD8-480A-8B2A-4CB8A72CC4B8}.Debug|Windows-ARM.ActiveCfg = Debug|Any CPU
		{A5A1B3D1-7CD8-480A-8B2A-4CB8A72CC4B8}.Debug|Windows-x64.ActiveCfg = Debug|Any CPU
		{A5A1B3D1-7CD8-480A-8B2A-4CB8A72CC4B8}.Debug|Windows-x86.ActiveCfg = Debug|Any CPU
		{A5A1B3D1-7CD8-480A-8B2A-4CB8A72CC4B8}.Distribution|Android.ActiveCfg = Debug|Any CPU
		{A5A1B3D1-7CD8-480A-8B2A-4CB8A72CC4B8}.Distribution|Any CPU.ActiveCfg = Debug|Any CPU
		{A5A1B3D1-7CD8-480A-8B2A-4CB8A72CC4B8}.Distribution|Any CPU.Build.0 = Debug|Any CPU
		{A5A1B3D1-7CD8-480A-8B2A-4CB8A72CC4B8}.Distribution|iOS.ActiveCfg = Debug|Any CPU
		{A5A1B3D1-7CD8-480A-8B2A-4CB8A72CC4B8}.Distribution|Mixed Platforms.ActiveCfg = Debug|Any CPU
		{A5A1B3D1-7CD8-480A-8B2A-4CB8A72CC4B8}.Distribution|Mixed Platforms.Build.0 = Debug|Any CPU
		{A5A1B3D1-7CD8-480A-8B2A-4CB8A72CC4B8}.Distribution|Windows Phone (Universal).ActiveCfg = Debug|Any CPU
		{A5A1B3D1-7CD8-480A-8B2A-4CB8A72CC4B8}.Distribution|Windows Phone 8.ActiveCfg = Debug|Any CPU
		{A5A1B3D1-7CD8-480A-8B2A-4CB8A72CC4B8}.Distribution|Windows-AnyCPU.ActiveCfg = Debug|Any CPU
		{A5A1B3D1-7CD8-480A-8B2A-4CB8A72CC4B8}.Distribution|Windows-ARM.ActiveCfg = Debug|Any CPU
		{A5A1B3D1-7CD8-480A-8B2A-4CB8A72CC4B8}.Distribution|Windows-x64.ActiveCfg = Debug|Any CPU
		{A5A1B3D1-7CD8-480A-8B2A-4CB8A72CC4B8}.Distribution|Windows-x86.ActiveCfg = Debug|Any CPU
		{A5A1B3D1-7CD8-480A-8B2A-4CB8A72CC4B8}.Release|Android.ActiveCfg = Release|Any CPU
		{A5A1B3D1-7CD8-480A-8B2A-4CB8A72CC4B8}.Release|Any CPU.ActiveCfg = Release|Any CPU
		{A5A1B3D1-7CD8-480A-8B2A-4CB8A72CC4B8}.Release|Any CPU.Build.0 = Release|Any CPU
		{A5A1B3D1-7CD8-480A-8B2A-4CB8A72CC4B8}.Release|iOS.ActiveCfg = Release|Any CPU
		{A5A1B3D1-7CD8-480A-8B2A-4CB8A72CC4B8}.Release|Mixed Platforms.ActiveCfg = Release|Any CPU
		{A5A1B3D1-7CD8-480A-8B2A-4CB8A72CC4B8}.Release|Mixed Platforms.Build.0 = Release|Any CPU
		{A5A1B3D1-7CD8-480A-8B2A-4CB8A72CC4B8}.Release|Windows Phone (Universal).ActiveCfg = Release|Any CPU
		{A5A1B3D1-7CD8-480A-8B2A-4CB8A72CC4B8}.Release|Windows Phone 8.ActiveCfg = Release|Any CPU
		{A5A1B3D1-7CD8-480A-8B2A-4CB8A72CC4B8}.Release|Windows-AnyCPU.ActiveCfg = Release|Any CPU
		{A5A1B3D1-7CD8-480A-8B2A-4CB8A72CC4B8}.Release|Windows-ARM.ActiveCfg = Release|Any CPU
		{A5A1B3D1-7CD8-480A-8B2A-4CB8A72CC4B8}.Release|Windows-x64.ActiveCfg = Release|Any CPU
		{A5A1B3D1-7CD8-480A-8B2A-4CB8A72CC4B8}.Release|Windows-x86.ActiveCfg = Release|Any CPU
		{DDD569A0-1E88-446C-A59F-244C7EECEC95}.Debug|Android.ActiveCfg = Debug|Any CPU
		{DDD569A0-1E88-446C-A59F-244C7EECEC95}.Debug|Any CPU.ActiveCfg = Debug|Any CPU
		{DDD569A0-1E88-446C-A59F-244C7EECEC95}.Debug|Any CPU.Build.0 = Debug|Any CPU
		{DDD569A0-1E88-446C-A59F-244C7EECEC95}.Debug|iOS.ActiveCfg = Debug|Any CPU
		{DDD569A0-1E88-446C-A59F-244C7EECEC95}.Debug|Mixed Platforms.ActiveCfg = Debug|Any CPU
		{DDD569A0-1E88-446C-A59F-244C7EECEC95}.Debug|Mixed Platforms.Build.0 = Debug|Any CPU
		{DDD569A0-1E88-446C-A59F-244C7EECEC95}.Debug|Windows Phone (Universal).ActiveCfg = Debug|Any CPU
		{DDD569A0-1E88-446C-A59F-244C7EECEC95}.Debug|Windows Phone 8.ActiveCfg = Debug|Any CPU
		{DDD569A0-1E88-446C-A59F-244C7EECEC95}.Debug|Windows-AnyCPU.ActiveCfg = Debug|Any CPU
		{DDD569A0-1E88-446C-A59F-244C7EECEC95}.Debug|Windows-ARM.ActiveCfg = Debug|Any CPU
		{DDD569A0-1E88-446C-A59F-244C7EECEC95}.Debug|Windows-x64.ActiveCfg = Debug|Any CPU
		{DDD569A0-1E88-446C-A59F-244C7EECEC95}.Debug|Windows-x86.ActiveCfg = Debug|Any CPU
		{DDD569A0-1E88-446C-A59F-244C7EECEC95}.Distribution|Android.ActiveCfg = Debug|Any CPU
		{DDD569A0-1E88-446C-A59F-244C7EECEC95}.Distribution|Any CPU.ActiveCfg = Debug|Any CPU
		{DDD569A0-1E88-446C-A59F-244C7EECEC95}.Distribution|Any CPU.Build.0 = Debug|Any CPU
		{DDD569A0-1E88-446C-A59F-244C7EECEC95}.Distribution|iOS.ActiveCfg = Debug|Any CPU
		{DDD569A0-1E88-446C-A59F-244C7EECEC95}.Distribution|Mixed Platforms.ActiveCfg = Debug|Any CPU
		{DDD569A0-1E88-446C-A59F-244C7EECEC95}.Distribution|Mixed Platforms.Build.0 = Debug|Any CPU
		{DDD569A0-1E88-446C-A59F-244C7EECEC95}.Distribution|Windows Phone (Universal).ActiveCfg = Debug|Any CPU
		{DDD569A0-1E88-446C-A59F-244C7EECEC95}.Distribution|Windows Phone 8.ActiveCfg = Debug|Any CPU
		{DDD569A0-1E88-446C-A59F-244C7EECEC95}.Distribution|Windows-AnyCPU.ActiveCfg = Debug|Any CPU
		{DDD569A0-1E88-446C-A59F-244C7EECEC95}.Distribution|Windows-ARM.ActiveCfg = Debug|Any CPU
		{DDD569A0-1E88-446C-A59F-244C7EECEC95}.Distribution|Windows-x64.ActiveCfg = Debug|Any CPU
		{DDD569A0-1E88-446C-A59F-244C7EECEC95}.Distribution|Windows-x86.ActiveCfg = Debug|Any CPU
		{DDD569A0-1E88-446C-A59F-244C7EECEC95}.Release|Android.ActiveCfg = Release|Any CPU
		{DDD569A0-1E88-446C-A59F-244C7EECEC95}.Release|Any CPU.ActiveCfg = Release|Any CPU
		{DDD569A0-1E88-446C-A59F-244C7EECEC95}.Release|Any CPU.Build.0 = Release|Any CPU
		{DDD569A0-1E88-446C-A59F-244C7EECEC95}.Release|iOS.ActiveCfg = Release|Any CPU
		{DDD569A0-1E88-446C-A59F-244C7EECEC95}.Release|Mixed Platforms.ActiveCfg = Release|Any CPU
		{DDD569A0-1E88-446C-A59F-244C7EECEC95}.Release|Mixed Platforms.Build.0 = Release|Any CPU
		{DDD569A0-1E88-446C-A59F-244C7EECEC95}.Release|Windows Phone (Universal).ActiveCfg = Release|Any CPU
		{DDD569A0-1E88-446C-A59F-244C7EECEC95}.Release|Windows Phone 8.ActiveCfg = Release|Any CPU
		{DDD569A0-1E88-446C-A59F-244C7EECEC95}.Release|Windows-AnyCPU.ActiveCfg = Release|Any CPU
		{DDD569A0-1E88-446C-A59F-244C7EECEC95}.Release|Windows-ARM.ActiveCfg = Release|Any CPU
		{DDD569A0-1E88-446C-A59F-244C7EECEC95}.Release|Windows-x64.ActiveCfg = Release|Any CPU
		{DDD569A0-1E88-446C-A59F-244C7EECEC95}.Release|Windows-x86.ActiveCfg = Release|Any CPU
		{59F4A7ED-073A-464F-8816-20FEC5EB559E}.Debug|Android.ActiveCfg = Debug|Any CPU
		{59F4A7ED-073A-464F-8816-20FEC5EB559E}.Debug|Any CPU.ActiveCfg = Debug|Any CPU
		{59F4A7ED-073A-464F-8816-20FEC5EB559E}.Debug|Any CPU.Build.0 = Debug|Any CPU
		{59F4A7ED-073A-464F-8816-20FEC5EB559E}.Debug|iOS.ActiveCfg = Debug|Any CPU
		{59F4A7ED-073A-464F-8816-20FEC5EB559E}.Debug|Mixed Platforms.ActiveCfg = Debug|Any CPU
		{59F4A7ED-073A-464F-8816-20FEC5EB559E}.Debug|Mixed Platforms.Build.0 = Debug|Any CPU
		{59F4A7ED-073A-464F-8816-20FEC5EB559E}.Debug|Windows Phone (Universal).ActiveCfg = Debug|Any CPU
		{59F4A7ED-073A-464F-8816-20FEC5EB559E}.Debug|Windows Phone 8.ActiveCfg = Debug|Any CPU
		{59F4A7ED-073A-464F-8816-20FEC5EB559E}.Debug|Windows-AnyCPU.ActiveCfg = Debug|Any CPU
		{59F4A7ED-073A-464F-8816-20FEC5EB559E}.Debug|Windows-ARM.ActiveCfg = Debug|Any CPU
		{59F4A7ED-073A-464F-8816-20FEC5EB559E}.Debug|Windows-x64.ActiveCfg = Debug|Any CPU
		{59F4A7ED-073A-464F-8816-20FEC5EB559E}.Debug|Windows-x86.ActiveCfg = Debug|Any CPU
		{59F4A7ED-073A-464F-8816-20FEC5EB559E}.Distribution|Android.ActiveCfg = Debug|Any CPU
		{59F4A7ED-073A-464F-8816-20FEC5EB559E}.Distribution|Any CPU.ActiveCfg = Debug|Any CPU
		{59F4A7ED-073A-464F-8816-20FEC5EB559E}.Distribution|Any CPU.Build.0 = Debug|Any CPU
		{59F4A7ED-073A-464F-8816-20FEC5EB559E}.Distribution|iOS.ActiveCfg = Debug|Any CPU
		{59F4A7ED-073A-464F-8816-20FEC5EB559E}.Distribution|Mixed Platforms.ActiveCfg = Debug|Any CPU
		{59F4A7ED-073A-464F-8816-20FEC5EB559E}.Distribution|Mixed Platforms.Build.0 = Debug|Any CPU
		{59F4A7ED-073A-464F-8816-20FEC5EB559E}.Distribution|Windows Phone (Universal).ActiveCfg = Debug|Any CPU
		{59F4A7ED-073A-464F-8816-20FEC5EB559E}.Distribution|Windows Phone 8.ActiveCfg = Debug|Any CPU
		{59F4A7ED-073A-464F-8816-20FEC5EB559E}.Distribution|Windows-AnyCPU.ActiveCfg = Debug|Any CPU
		{59F4A7ED-073A-464F-8816-20FEC5EB559E}.Distribution|Windows-ARM.ActiveCfg = Debug|Any CPU
		{59F4A7ED-073A-464F-8816-20FEC5EB559E}.Distribution|Windows-x64.ActiveCfg = Debug|Any CPU
		{59F4A7ED-073A-464F-8816-20FEC5EB559E}.Distribution|Windows-x86.ActiveCfg = Debug|Any CPU
		{59F4A7ED-073A-464F-8816-20FEC5EB559E}.Release|Android.ActiveCfg = Release|Any CPU
		{59F4A7ED-073A-464F-8816-20FEC5EB559E}.Release|Any CPU.ActiveCfg = Release|Any CPU
		{59F4A7ED-073A-464F-8816-20FEC5EB559E}.Release|Any CPU.Build.0 = Release|Any CPU
		{59F4A7ED-073A-464F-8816-20FEC5EB559E}.Release|iOS.ActiveCfg = Release|Any CPU
		{59F4A7ED-073A-464F-8816-20FEC5EB559E}.Release|Mixed Platforms.ActiveCfg = Release|Any CPU
		{59F4A7ED-073A-464F-8816-20FEC5EB559E}.Release|Mixed Platforms.Build.0 = Release|Any CPU
		{59F4A7ED-073A-464F-8816-20FEC5EB559E}.Release|Windows Phone (Universal).ActiveCfg = Release|Any CPU
		{59F4A7ED-073A-464F-8816-20FEC5EB559E}.Release|Windows Phone 8.ActiveCfg = Release|Any CPU
		{59F4A7ED-073A-464F-8816-20FEC5EB559E}.Release|Windows-AnyCPU.ActiveCfg = Release|Any CPU
		{59F4A7ED-073A-464F-8816-20FEC5EB559E}.Release|Windows-ARM.ActiveCfg = Release|Any CPU
		{59F4A7ED-073A-464F-8816-20FEC5EB559E}.Release|Windows-x64.ActiveCfg = Release|Any CPU
		{59F4A7ED-073A-464F-8816-20FEC5EB559E}.Release|Windows-x86.ActiveCfg = Release|Any CPU
		{AFF1A116-F5E1-4D2A-AE38-3C4D60AA1463}.Debug|Android.ActiveCfg = Debug|Any CPU
		{AFF1A116-F5E1-4D2A-AE38-3C4D60AA1463}.Debug|Any CPU.ActiveCfg = Debug|Any CPU
		{AFF1A116-F5E1-4D2A-AE38-3C4D60AA1463}.Debug|Any CPU.Build.0 = Debug|Any CPU
		{AFF1A116-F5E1-4D2A-AE38-3C4D60AA1463}.Debug|iOS.ActiveCfg = Debug|Any CPU
		{AFF1A116-F5E1-4D2A-AE38-3C4D60AA1463}.Debug|Mixed Platforms.ActiveCfg = Debug|Any CPU
		{AFF1A116-F5E1-4D2A-AE38-3C4D60AA1463}.Debug|Mixed Platforms.Build.0 = Debug|Any CPU
		{AFF1A116-F5E1-4D2A-AE38-3C4D60AA1463}.Debug|Windows Phone (Universal).ActiveCfg = Debug|Any CPU
		{AFF1A116-F5E1-4D2A-AE38-3C4D60AA1463}.Debug|Windows Phone 8.ActiveCfg = Debug|Any CPU
		{AFF1A116-F5E1-4D2A-AE38-3C4D60AA1463}.Debug|Windows-AnyCPU.ActiveCfg = Debug|Any CPU
		{AFF1A116-F5E1-4D2A-AE38-3C4D60AA1463}.Debug|Windows-ARM.ActiveCfg = Debug|Any CPU
		{AFF1A116-F5E1-4D2A-AE38-3C4D60AA1463}.Debug|Windows-x64.ActiveCfg = Debug|Any CPU
		{AFF1A116-F5E1-4D2A-AE38-3C4D60AA1463}.Debug|Windows-x86.ActiveCfg = Debug|Any CPU
		{AFF1A116-F5E1-4D2A-AE38-3C4D60AA1463}.Distribution|Android.ActiveCfg = Debug|Any CPU
		{AFF1A116-F5E1-4D2A-AE38-3C4D60AA1463}.Distribution|Any CPU.ActiveCfg = Debug|Any CPU
		{AFF1A116-F5E1-4D2A-AE38-3C4D60AA1463}.Distribution|Any CPU.Build.0 = Debug|Any CPU
		{AFF1A116-F5E1-4D2A-AE38-3C4D60AA1463}.Distribution|iOS.ActiveCfg = Debug|Any CPU
		{AFF1A116-F5E1-4D2A-AE38-3C4D60AA1463}.Distribution|Mixed Platforms.ActiveCfg = Debug|Any CPU
		{AFF1A116-F5E1-4D2A-AE38-3C4D60AA1463}.Distribution|Mixed Platforms.Build.0 = Debug|Any CPU
		{AFF1A116-F5E1-4D2A-AE38-3C4D60AA1463}.Distribution|Windows Phone (Universal).ActiveCfg = Debug|Any CPU
		{AFF1A116-F5E1-4D2A-AE38-3C4D60AA1463}.Distribution|Windows Phone 8.ActiveCfg = Debug|Any CPU
		{AFF1A116-F5E1-4D2A-AE38-3C4D60AA1463}.Distribution|Windows-AnyCPU.ActiveCfg = Debug|Any CPU
		{AFF1A116-F5E1-4D2A-AE38-3C4D60AA1463}.Distribution|Windows-ARM.ActiveCfg = Debug|Any CPU
		{AFF1A116-F5E1-4D2A-AE38-3C4D60AA1463}.Distribution|Windows-x64.ActiveCfg = Debug|Any CPU
		{AFF1A116-F5E1-4D2A-AE38-3C4D60AA1463}.Distribution|Windows-x86.ActiveCfg = Debug|Any CPU
		{AFF1A116-F5E1-4D2A-AE38-3C4D60AA1463}.Release|Android.ActiveCfg = Release|Any CPU
		{AFF1A116-F5E1-4D2A-AE38-3C4D60AA1463}.Release|Any CPU.ActiveCfg = Release|Any CPU
		{AFF1A116-F5E1-4D2A-AE38-3C4D60AA1463}.Release|Any CPU.Build.0 = Release|Any CPU
		{AFF1A116-F5E1-4D2A-AE38-3C4D60AA1463}.Release|iOS.ActiveCfg = Release|Any CPU
		{AFF1A116-F5E1-4D2A-AE38-3C4D60AA1463}.Release|Mixed Platforms.ActiveCfg = Release|Any CPU
		{AFF1A116-F5E1-4D2A-AE38-3C4D60AA1463}.Release|Mixed Platforms.Build.0 = Release|Any CPU
		{AFF1A116-F5E1-4D2A-AE38-3C4D60AA1463}.Release|Windows Phone (Universal).ActiveCfg = Release|Any CPU
		{AFF1A116-F5E1-4D2A-AE38-3C4D60AA1463}.Release|Windows Phone 8.ActiveCfg = Release|Any CPU
		{AFF1A116-F5E1-4D2A-AE38-3C4D60AA1463}.Release|Windows-AnyCPU.ActiveCfg = Release|Any CPU
		{AFF1A116-F5E1-4D2A-AE38-3C4D60AA1463}.Release|Windows-ARM.ActiveCfg = Release|Any CPU
		{AFF1A116-F5E1-4D2A-AE38-3C4D60AA1463}.Release|Windows-x64.ActiveCfg = Release|Any CPU
		{AFF1A116-F5E1-4D2A-AE38-3C4D60AA1463}.Release|Windows-x86.ActiveCfg = Release|Any CPU
		{3B54B201-6846-4A66-B87E-CC050CE18C96}.Debug|Android.ActiveCfg = Debug|Any CPU
		{3B54B201-6846-4A66-B87E-CC050CE18C96}.Debug|Any CPU.ActiveCfg = Debug|Any CPU
		{3B54B201-6846-4A66-B87E-CC050CE18C96}.Debug|Any CPU.Build.0 = Debug|Any CPU
		{3B54B201-6846-4A66-B87E-CC050CE18C96}.Debug|iOS.ActiveCfg = Debug|Any CPU
		{3B54B201-6846-4A66-B87E-CC050CE18C96}.Debug|Mixed Platforms.ActiveCfg = Debug|Any CPU
		{3B54B201-6846-4A66-B87E-CC050CE18C96}.Debug|Mixed Platforms.Build.0 = Debug|Any CPU
		{3B54B201-6846-4A66-B87E-CC050CE18C96}.Debug|Windows Phone (Universal).ActiveCfg = Debug|Any CPU
		{3B54B201-6846-4A66-B87E-CC050CE18C96}.Debug|Windows Phone 8.ActiveCfg = Debug|Any CPU
		{3B54B201-6846-4A66-B87E-CC050CE18C96}.Debug|Windows-AnyCPU.ActiveCfg = Debug|Any CPU
		{3B54B201-6846-4A66-B87E-CC050CE18C96}.Debug|Windows-ARM.ActiveCfg = Debug|Any CPU
		{3B54B201-6846-4A66-B87E-CC050CE18C96}.Debug|Windows-x64.ActiveCfg = Debug|Any CPU
		{3B54B201-6846-4A66-B87E-CC050CE18C96}.Debug|Windows-x86.ActiveCfg = Debug|Any CPU
		{3B54B201-6846-4A66-B87E-CC050CE18C96}.Distribution|Android.ActiveCfg = Debug|Any CPU
		{3B54B201-6846-4A66-B87E-CC050CE18C96}.Distribution|Any CPU.ActiveCfg = Debug|Any CPU
		{3B54B201-6846-4A66-B87E-CC050CE18C96}.Distribution|Any CPU.Build.0 = Debug|Any CPU
		{3B54B201-6846-4A66-B87E-CC050CE18C96}.Distribution|iOS.ActiveCfg = Debug|Any CPU
		{3B54B201-6846-4A66-B87E-CC050CE18C96}.Distribution|Mixed Platforms.ActiveCfg = Debug|Any CPU
		{3B54B201-6846-4A66-B87E-CC050CE18C96}.Distribution|Mixed Platforms.Build.0 = Debug|Any CPU
		{3B54B201-6846-4A66-B87E-CC050CE18C96}.Distribution|Windows Phone (Universal).ActiveCfg = Debug|Any CPU
		{3B54B201-6846-4A66-B87E-CC050CE18C96}.Distribution|Windows Phone 8.ActiveCfg = Debug|Any CPU
		{3B54B201-6846-4A66-B87E-CC050CE18C96}.Distribution|Windows-AnyCPU.ActiveCfg = Debug|Any CPU
		{3B54B201-6846-4A66-B87E-CC050CE18C96}.Distribution|Windows-ARM.ActiveCfg = Debug|Any CPU
		{3B54B201-6846-4A66-B87E-CC050CE18C96}.Distribution|Windows-x64.ActiveCfg = Debug|Any CPU
		{3B54B201-6846-4A66-B87E-CC050CE18C96}.Distribution|Windows-x86.ActiveCfg = Debug|Any CPU
		{3B54B201-6846-4A66-B87E-CC050CE18C96}.Release|Android.ActiveCfg = Release|Any CPU
		{3B54B201-6846-4A66-B87E-CC050CE18C96}.Release|Any CPU.ActiveCfg = Release|Any CPU
		{3B54B201-6846-4A66-B87E-CC050CE18C96}.Release|Any CPU.Build.0 = Release|Any CPU
		{3B54B201-6846-4A66-B87E-CC050CE18C96}.Release|iOS.ActiveCfg = Release|Any CPU
		{3B54B201-6846-4A66-B87E-CC050CE18C96}.Release|Mixed Platforms.ActiveCfg = Release|Any CPU
		{3B54B201-6846-4A66-B87E-CC050CE18C96}.Release|Mixed Platforms.Build.0 = Release|Any CPU
		{3B54B201-6846-4A66-B87E-CC050CE18C96}.Release|Windows Phone (Universal).ActiveCfg = Release|Any CPU
		{3B54B201-6846-4A66-B87E-CC050CE18C96}.Release|Windows Phone 8.ActiveCfg = Release|Any CPU
		{3B54B201-6846-4A66-B87E-CC050CE18C96}.Release|Windows-AnyCPU.ActiveCfg = Release|Any CPU
		{3B54B201-6846-4A66-B87E-CC050CE18C96}.Release|Windows-ARM.ActiveCfg = Release|Any CPU
		{3B54B201-6846-4A66-B87E-CC050CE18C96}.Release|Windows-x64.ActiveCfg = Release|Any CPU
		{3B54B201-6846-4A66-B87E-CC050CE18C96}.Release|Windows-x86.ActiveCfg = Release|Any CPU
		{DB9A2C5F-BC46-47F4-B451-8BEB7142DCE5}.Debug|Android.ActiveCfg = Debug|Any CPU
		{DB9A2C5F-BC46-47F4-B451-8BEB7142DCE5}.Debug|Any CPU.ActiveCfg = Debug|Any CPU
		{DB9A2C5F-BC46-47F4-B451-8BEB7142DCE5}.Debug|Any CPU.Build.0 = Debug|Any CPU
		{DB9A2C5F-BC46-47F4-B451-8BEB7142DCE5}.Debug|iOS.ActiveCfg = Debug|Any CPU
		{DB9A2C5F-BC46-47F4-B451-8BEB7142DCE5}.Debug|Mixed Platforms.ActiveCfg = Debug|Any CPU
		{DB9A2C5F-BC46-47F4-B451-8BEB7142DCE5}.Debug|Mixed Platforms.Build.0 = Debug|Any CPU
		{DB9A2C5F-BC46-47F4-B451-8BEB7142DCE5}.Debug|Windows Phone (Universal).ActiveCfg = Debug|Any CPU
		{DB9A2C5F-BC46-47F4-B451-8BEB7142DCE5}.Debug|Windows Phone 8.ActiveCfg = Debug|Any CPU
		{DB9A2C5F-BC46-47F4-B451-8BEB7142DCE5}.Debug|Windows-AnyCPU.ActiveCfg = Debug|Any CPU
		{DB9A2C5F-BC46-47F4-B451-8BEB7142DCE5}.Debug|Windows-ARM.ActiveCfg = Debug|Any CPU
		{DB9A2C5F-BC46-47F4-B451-8BEB7142DCE5}.Debug|Windows-x64.ActiveCfg = Debug|Any CPU
		{DB9A2C5F-BC46-47F4-B451-8BEB7142DCE5}.Debug|Windows-x86.ActiveCfg = Debug|Any CPU
		{DB9A2C5F-BC46-47F4-B451-8BEB7142DCE5}.Distribution|Android.ActiveCfg = Debug|Any CPU
		{DB9A2C5F-BC46-47F4-B451-8BEB7142DCE5}.Distribution|Any CPU.ActiveCfg = Debug|Any CPU
		{DB9A2C5F-BC46-47F4-B451-8BEB7142DCE5}.Distribution|Any CPU.Build.0 = Debug|Any CPU
		{DB9A2C5F-BC46-47F4-B451-8BEB7142DCE5}.Distribution|iOS.ActiveCfg = Debug|Any CPU
		{DB9A2C5F-BC46-47F4-B451-8BEB7142DCE5}.Distribution|Mixed Platforms.ActiveCfg = Debug|Any CPU
		{DB9A2C5F-BC46-47F4-B451-8BEB7142DCE5}.Distribution|Mixed Platforms.Build.0 = Debug|Any CPU
		{DB9A2C5F-BC46-47F4-B451-8BEB7142DCE5}.Distribution|Windows Phone (Universal).ActiveCfg = Debug|Any CPU
		{DB9A2C5F-BC46-47F4-B451-8BEB7142DCE5}.Distribution|Windows Phone 8.ActiveCfg = Debug|Any CPU
		{DB9A2C5F-BC46-47F4-B451-8BEB7142DCE5}.Distribution|Windows-AnyCPU.ActiveCfg = Debug|Any CPU
		{DB9A2C5F-BC46-47F4-B451-8BEB7142DCE5}.Distribution|Windows-ARM.ActiveCfg = Debug|Any CPU
		{DB9A2C5F-BC46-47F4-B451-8BEB7142DCE5}.Distribution|Windows-x64.ActiveCfg = Debug|Any CPU
		{DB9A2C5F-BC46-47F4-B451-8BEB7142DCE5}.Distribution|Windows-x86.ActiveCfg = Debug|Any CPU
		{DB9A2C5F-BC46-47F4-B451-8BEB7142DCE5}.Release|Android.ActiveCfg = Release|Any CPU
		{DB9A2C5F-BC46-47F4-B451-8BEB7142DCE5}.Release|Any CPU.ActiveCfg = Release|Any CPU
		{DB9A2C5F-BC46-47F4-B451-8BEB7142DCE5}.Release|Any CPU.Build.0 = Release|Any CPU
		{DB9A2C5F-BC46-47F4-B451-8BEB7142DCE5}.Release|iOS.ActiveCfg = Release|Any CPU
		{DB9A2C5F-BC46-47F4-B451-8BEB7142DCE5}.Release|Mixed Platforms.ActiveCfg = Release|Any CPU
		{DB9A2C5F-BC46-47F4-B451-8BEB7142DCE5}.Release|Mixed Platforms.Build.0 = Release|Any CPU
		{DB9A2C5F-BC46-47F4-B451-8BEB7142DCE5}.Release|Windows Phone (Universal).ActiveCfg = Release|Any CPU
		{DB9A2C5F-BC46-47F4-B451-8BEB7142DCE5}.Release|Windows Phone 8.ActiveCfg = Release|Any CPU
		{DB9A2C5F-BC46-47F4-B451-8BEB7142DCE5}.Release|Windows-AnyCPU.ActiveCfg = Release|Any CPU
		{DB9A2C5F-BC46-47F4-B451-8BEB7142DCE5}.Release|Windows-ARM.ActiveCfg = Release|Any CPU
		{DB9A2C5F-BC46-47F4-B451-8BEB7142DCE5}.Release|Windows-x64.ActiveCfg = Release|Any CPU
		{DB9A2C5F-BC46-47F4-B451-8BEB7142DCE5}.Release|Windows-x86.ActiveCfg = Release|Any CPU
		{4C7C2837-E4AA-46C1-AFF5-0210231842B4}.Debug|Android.ActiveCfg = Debug|Any CPU
		{4C7C2837-E4AA-46C1-AFF5-0210231842B4}.Debug|Any CPU.ActiveCfg = Debug|Any CPU
		{4C7C2837-E4AA-46C1-AFF5-0210231842B4}.Debug|Any CPU.Build.0 = Debug|Any CPU
		{4C7C2837-E4AA-46C1-AFF5-0210231842B4}.Debug|iOS.ActiveCfg = Debug|Any CPU
		{4C7C2837-E4AA-46C1-AFF5-0210231842B4}.Debug|Mixed Platforms.ActiveCfg = Debug|Any CPU
		{4C7C2837-E4AA-46C1-AFF5-0210231842B4}.Debug|Mixed Platforms.Build.0 = Debug|Any CPU
		{4C7C2837-E4AA-46C1-AFF5-0210231842B4}.Debug|Windows Phone (Universal).ActiveCfg = Debug|Any CPU
		{4C7C2837-E4AA-46C1-AFF5-0210231842B4}.Debug|Windows Phone 8.ActiveCfg = Debug|Any CPU
		{4C7C2837-E4AA-46C1-AFF5-0210231842B4}.Debug|Windows-AnyCPU.ActiveCfg = Debug|Any CPU
		{4C7C2837-E4AA-46C1-AFF5-0210231842B4}.Debug|Windows-ARM.ActiveCfg = Debug|Any CPU
		{4C7C2837-E4AA-46C1-AFF5-0210231842B4}.Debug|Windows-x64.ActiveCfg = Debug|Any CPU
		{4C7C2837-E4AA-46C1-AFF5-0210231842B4}.Debug|Windows-x86.ActiveCfg = Debug|Any CPU
		{4C7C2837-E4AA-46C1-AFF5-0210231842B4}.Distribution|Android.ActiveCfg = Debug|Any CPU
		{4C7C2837-E4AA-46C1-AFF5-0210231842B4}.Distribution|Any CPU.ActiveCfg = Debug|Any CPU
		{4C7C2837-E4AA-46C1-AFF5-0210231842B4}.Distribution|Any CPU.Build.0 = Debug|Any CPU
		{4C7C2837-E4AA-46C1-AFF5-0210231842B4}.Distribution|iOS.ActiveCfg = Debug|Any CPU
		{4C7C2837-E4AA-46C1-AFF5-0210231842B4}.Distribution|Mixed Platforms.ActiveCfg = Debug|Any CPU
		{4C7C2837-E4AA-46C1-AFF5-0210231842B4}.Distribution|Mixed Platforms.Build.0 = Debug|Any CPU
		{4C7C2837-E4AA-46C1-AFF5-0210231842B4}.Distribution|Windows Phone (Universal).ActiveCfg = Debug|Any CPU
		{4C7C2837-E4AA-46C1-AFF5-0210231842B4}.Distribution|Windows Phone 8.ActiveCfg = Debug|Any CPU
		{4C7C2837-E4AA-46C1-AFF5-0210231842B4}.Distribution|Windows-AnyCPU.ActiveCfg = Debug|Any CPU
		{4C7C2837-E4AA-46C1-AFF5-0210231842B4}.Distribution|Windows-ARM.ActiveCfg = Debug|Any CPU
		{4C7C2837-E4AA-46C1-AFF5-0210231842B4}.Distribution|Windows-x64.ActiveCfg = Debug|Any CPU
		{4C7C2837-E4AA-46C1-AFF5-0210231842B4}.Distribution|Windows-x86.ActiveCfg = Debug|Any CPU
		{4C7C2837-E4AA-46C1-AFF5-0210231842B4}.Release|Android.ActiveCfg = Release|Any CPU
		{4C7C2837-E4AA-46C1-AFF5-0210231842B4}.Release|Any CPU.ActiveCfg = Release|Any CPU
		{4C7C2837-E4AA-46C1-AFF5-0210231842B4}.Release|Any CPU.Build.0 = Release|Any CPU
		{4C7C2837-E4AA-46C1-AFF5-0210231842B4}.Release|iOS.ActiveCfg = Release|Any CPU
		{4C7C2837-E4AA-46C1-AFF5-0210231842B4}.Release|Mixed Platforms.ActiveCfg = Release|Any CPU
		{4C7C2837-E4AA-46C1-AFF5-0210231842B4}.Release|Mixed Platforms.Build.0 = Release|Any CPU
		{4C7C2837-E4AA-46C1-AFF5-0210231842B4}.Release|Windows Phone (Universal).ActiveCfg = Release|Any CPU
		{4C7C2837-E4AA-46C1-AFF5-0210231842B4}.Release|Windows Phone 8.ActiveCfg = Release|Any CPU
		{4C7C2837-E4AA-46C1-AFF5-0210231842B4}.Release|Windows-AnyCPU.ActiveCfg = Release|Any CPU
		{4C7C2837-E4AA-46C1-AFF5-0210231842B4}.Release|Windows-ARM.ActiveCfg = Release|Any CPU
		{4C7C2837-E4AA-46C1-AFF5-0210231842B4}.Release|Windows-x64.ActiveCfg = Release|Any CPU
		{4C7C2837-E4AA-46C1-AFF5-0210231842B4}.Release|Windows-x86.ActiveCfg = Release|Any CPU
		{AA1386C4-6B05-40A2-A568-D0039A4376B0}.Debug|Android.ActiveCfg = Debug|Any CPU
		{AA1386C4-6B05-40A2-A568-D0039A4376B0}.Debug|Any CPU.ActiveCfg = Debug|Any CPU
		{AA1386C4-6B05-40A2-A568-D0039A4376B0}.Debug|Any CPU.Build.0 = Debug|Any CPU
		{AA1386C4-6B05-40A2-A568-D0039A4376B0}.Debug|iOS.ActiveCfg = Debug|Any CPU
		{AA1386C4-6B05-40A2-A568-D0039A4376B0}.Debug|Mixed Platforms.ActiveCfg = Debug|Any CPU
		{AA1386C4-6B05-40A2-A568-D0039A4376B0}.Debug|Mixed Platforms.Build.0 = Debug|Any CPU
		{AA1386C4-6B05-40A2-A568-D0039A4376B0}.Debug|Windows Phone (Universal).ActiveCfg = Debug|Any CPU
		{AA1386C4-6B05-40A2-A568-D0039A4376B0}.Debug|Windows Phone 8.ActiveCfg = Debug|Any CPU
		{AA1386C4-6B05-40A2-A568-D0039A4376B0}.Debug|Windows-AnyCPU.ActiveCfg = Debug|Any CPU
		{AA1386C4-6B05-40A2-A568-D0039A4376B0}.Debug|Windows-ARM.ActiveCfg = Debug|Any CPU
		{AA1386C4-6B05-40A2-A568-D0039A4376B0}.Debug|Windows-x64.ActiveCfg = Debug|Any CPU
		{AA1386C4-6B05-40A2-A568-D0039A4376B0}.Debug|Windows-x86.ActiveCfg = Debug|Any CPU
		{AA1386C4-6B05-40A2-A568-D0039A4376B0}.Distribution|Android.ActiveCfg = Debug|Any CPU
		{AA1386C4-6B05-40A2-A568-D0039A4376B0}.Distribution|Any CPU.ActiveCfg = Debug|Any CPU
		{AA1386C4-6B05-40A2-A568-D0039A4376B0}.Distribution|Any CPU.Build.0 = Debug|Any CPU
		{AA1386C4-6B05-40A2-A568-D0039A4376B0}.Distribution|iOS.ActiveCfg = Debug|Any CPU
		{AA1386C4-6B05-40A2-A568-D0039A4376B0}.Distribution|Mixed Platforms.ActiveCfg = Debug|Any CPU
		{AA1386C4-6B05-40A2-A568-D0039A4376B0}.Distribution|Mixed Platforms.Build.0 = Debug|Any CPU
		{AA1386C4-6B05-40A2-A568-D0039A4376B0}.Distribution|Windows Phone (Universal).ActiveCfg = Debug|Any CPU
		{AA1386C4-6B05-40A2-A568-D0039A4376B0}.Distribution|Windows Phone 8.ActiveCfg = Debug|Any CPU
		{AA1386C4-6B05-40A2-A568-D0039A4376B0}.Distribution|Windows-AnyCPU.ActiveCfg = Debug|Any CPU
		{AA1386C4-6B05-40A2-A568-D0039A4376B0}.Distribution|Windows-ARM.ActiveCfg = Debug|Any CPU
		{AA1386C4-6B05-40A2-A568-D0039A4376B0}.Distribution|Windows-x64.ActiveCfg = Debug|Any CPU
		{AA1386C4-6B05-40A2-A568-D0039A4376B0}.Distribution|Windows-x86.ActiveCfg = Debug|Any CPU
		{AA1386C4-6B05-40A2-A568-D0039A4376B0}.Release|Android.ActiveCfg = Release|Any CPU
		{AA1386C4-6B05-40A2-A568-D0039A4376B0}.Release|Any CPU.ActiveCfg = Release|Any CPU
		{AA1386C4-6B05-40A2-A568-D0039A4376B0}.Release|Any CPU.Build.0 = Release|Any CPU
		{AA1386C4-6B05-40A2-A568-D0039A4376B0}.Release|iOS.ActiveCfg = Release|Any CPU
		{AA1386C4-6B05-40A2-A568-D0039A4376B0}.Release|Mixed Platforms.ActiveCfg = Release|Any CPU
		{AA1386C4-6B05-40A2-A568-D0039A4376B0}.Release|Mixed Platforms.Build.0 = Release|Any CPU
		{AA1386C4-6B05-40A2-A568-D0039A4376B0}.Release|Windows Phone (Universal).ActiveCfg = Release|Any CPU
		{AA1386C4-6B05-40A2-A568-D0039A4376B0}.Release|Windows Phone 8.ActiveCfg = Release|Any CPU
		{AA1386C4-6B05-40A2-A568-D0039A4376B0}.Release|Windows-AnyCPU.ActiveCfg = Release|Any CPU
		{AA1386C4-6B05-40A2-A568-D0039A4376B0}.Release|Windows-ARM.ActiveCfg = Release|Any CPU
		{AA1386C4-6B05-40A2-A568-D0039A4376B0}.Release|Windows-x64.ActiveCfg = Release|Any CPU
		{AA1386C4-6B05-40A2-A568-D0039A4376B0}.Release|Windows-x86.ActiveCfg = Release|Any CPU
		{54934A42-7867-46F3-87A7-12DF2C7082C1}.Debug|Android.ActiveCfg = Debug|Any CPU
		{54934A42-7867-46F3-87A7-12DF2C7082C1}.Debug|Any CPU.ActiveCfg = Debug|Any CPU
		{54934A42-7867-46F3-87A7-12DF2C7082C1}.Debug|Any CPU.Build.0 = Debug|Any CPU
		{54934A42-7867-46F3-87A7-12DF2C7082C1}.Debug|iOS.ActiveCfg = Debug|Any CPU
		{54934A42-7867-46F3-87A7-12DF2C7082C1}.Debug|Mixed Platforms.ActiveCfg = Debug|Any CPU
		{54934A42-7867-46F3-87A7-12DF2C7082C1}.Debug|Mixed Platforms.Build.0 = Debug|Any CPU
		{54934A42-7867-46F3-87A7-12DF2C7082C1}.Debug|Windows Phone (Universal).ActiveCfg = Debug|Any CPU
		{54934A42-7867-46F3-87A7-12DF2C7082C1}.Debug|Windows Phone 8.ActiveCfg = Debug|Any CPU
		{54934A42-7867-46F3-87A7-12DF2C7082C1}.Debug|Windows-AnyCPU.ActiveCfg = Debug|Any CPU
		{54934A42-7867-46F3-87A7-12DF2C7082C1}.Debug|Windows-ARM.ActiveCfg = Debug|Any CPU
		{54934A42-7867-46F3-87A7-12DF2C7082C1}.Debug|Windows-x64.ActiveCfg = Debug|Any CPU
		{54934A42-7867-46F3-87A7-12DF2C7082C1}.Debug|Windows-x86.ActiveCfg = Debug|Any CPU
		{54934A42-7867-46F3-87A7-12DF2C7082C1}.Distribution|Android.ActiveCfg = Debug|Any CPU
		{54934A42-7867-46F3-87A7-12DF2C7082C1}.Distribution|Any CPU.ActiveCfg = Debug|Any CPU
		{54934A42-7867-46F3-87A7-12DF2C7082C1}.Distribution|Any CPU.Build.0 = Debug|Any CPU
		{54934A42-7867-46F3-87A7-12DF2C7082C1}.Distribution|iOS.ActiveCfg = Debug|Any CPU
		{54934A42-7867-46F3-87A7-12DF2C7082C1}.Distribution|Mixed Platforms.ActiveCfg = Debug|Any CPU
		{54934A42-7867-46F3-87A7-12DF2C7082C1}.Distribution|Mixed Platforms.Build.0 = Debug|Any CPU
		{54934A42-7867-46F3-87A7-12DF2C7082C1}.Distribution|Windows Phone (Universal).ActiveCfg = Debug|Any CPU
		{54934A42-7867-46F3-87A7-12DF2C7082C1}.Distribution|Windows Phone 8.ActiveCfg = Debug|Any CPU
		{54934A42-7867-46F3-87A7-12DF2C7082C1}.Distribution|Windows-AnyCPU.ActiveCfg = Debug|Any CPU
		{54934A42-7867-46F3-87A7-12DF2C7082C1}.Distribution|Windows-ARM.ActiveCfg = Debug|Any CPU
		{54934A42-7867-46F3-87A7-12DF2C7082C1}.Distribution|Windows-x64.ActiveCfg = Debug|Any CPU
		{54934A42-7867-46F3-87A7-12DF2C7082C1}.Distribution|Windows-x86.ActiveCfg = Debug|Any CPU
		{54934A42-7867-46F3-87A7-12DF2C7082C1}.Release|Android.ActiveCfg = Release|Any CPU
		{54934A42-7867-46F3-87A7-12DF2C7082C1}.Release|Any CPU.ActiveCfg = Release|Any CPU
		{54934A42-7867-46F3-87A7-12DF2C7082C1}.Release|Any CPU.Build.0 = Release|Any CPU
		{54934A42-7867-46F3-87A7-12DF2C7082C1}.Release|iOS.ActiveCfg = Release|Any CPU
		{54934A42-7867-46F3-87A7-12DF2C7082C1}.Release|Mixed Platforms.ActiveCfg = Release|Any CPU
		{54934A42-7867-46F3-87A7-12DF2C7082C1}.Release|Mixed Platforms.Build.0 = Release|Any CPU
		{54934A42-7867-46F3-87A7-12DF2C7082C1}.Release|Windows Phone (Universal).ActiveCfg = Release|Any CPU
		{54934A42-7867-46F3-87A7-12DF2C7082C1}.Release|Windows Phone 8.ActiveCfg = Release|Any CPU
		{54934A42-7867-46F3-87A7-12DF2C7082C1}.Release|Windows-AnyCPU.ActiveCfg = Release|Any CPU
		{54934A42-7867-46F3-87A7-12DF2C7082C1}.Release|Windows-ARM.ActiveCfg = Release|Any CPU
		{54934A42-7867-46F3-87A7-12DF2C7082C1}.Release|Windows-x64.ActiveCfg = Release|Any CPU
		{54934A42-7867-46F3-87A7-12DF2C7082C1}.Release|Windows-x86.ActiveCfg = Release|Any CPU
		{AADF5CE5-2F3F-4335-A1EE-F6BBEE705E82}.Debug|Android.ActiveCfg = Debug|Any CPU
		{AADF5CE5-2F3F-4335-A1EE-F6BBEE705E82}.Debug|Any CPU.ActiveCfg = Debug|Any CPU
		{AADF5CE5-2F3F-4335-A1EE-F6BBEE705E82}.Debug|Any CPU.Build.0 = Debug|Any CPU
		{AADF5CE5-2F3F-4335-A1EE-F6BBEE705E82}.Debug|iOS.ActiveCfg = Debug|Any CPU
		{AADF5CE5-2F3F-4335-A1EE-F6BBEE705E82}.Debug|Mixed Platforms.ActiveCfg = Debug|Any CPU
		{AADF5CE5-2F3F-4335-A1EE-F6BBEE705E82}.Debug|Mixed Platforms.Build.0 = Debug|Any CPU
		{AADF5CE5-2F3F-4335-A1EE-F6BBEE705E82}.Debug|Windows Phone (Universal).ActiveCfg = Debug|Any CPU
		{AADF5CE5-2F3F-4335-A1EE-F6BBEE705E82}.Debug|Windows Phone 8.ActiveCfg = Debug|Any CPU
		{AADF5CE5-2F3F-4335-A1EE-F6BBEE705E82}.Debug|Windows-AnyCPU.ActiveCfg = Debug|Any CPU
		{AADF5CE5-2F3F-4335-A1EE-F6BBEE705E82}.Debug|Windows-ARM.ActiveCfg = Debug|Any CPU
		{AADF5CE5-2F3F-4335-A1EE-F6BBEE705E82}.Debug|Windows-x64.ActiveCfg = Debug|Any CPU
		{AADF5CE5-2F3F-4335-A1EE-F6BBEE705E82}.Debug|Windows-x86.ActiveCfg = Debug|Any CPU
		{AADF5CE5-2F3F-4335-A1EE-F6BBEE705E82}.Distribution|Android.ActiveCfg = Debug|Any CPU
		{AADF5CE5-2F3F-4335-A1EE-F6BBEE705E82}.Distribution|Any CPU.ActiveCfg = Debug|Any CPU
		{AADF5CE5-2F3F-4335-A1EE-F6BBEE705E82}.Distribution|Any CPU.Build.0 = Debug|Any CPU
		{AADF5CE5-2F3F-4335-A1EE-F6BBEE705E82}.Distribution|iOS.ActiveCfg = Debug|Any CPU
		{AADF5CE5-2F3F-4335-A1EE-F6BBEE705E82}.Distribution|Mixed Platforms.ActiveCfg = Debug|Any CPU
		{AADF5CE5-2F3F-4335-A1EE-F6BBEE705E82}.Distribution|Mixed Platforms.Build.0 = Debug|Any CPU
		{AADF5CE5-2F3F-4335-A1EE-F6BBEE705E82}.Distribution|Windows Phone (Universal).ActiveCfg = Debug|Any CPU
		{AADF5CE5-2F3F-4335-A1EE-F6BBEE705E82}.Distribution|Windows Phone 8.ActiveCfg = Debug|Any CPU
		{AADF5CE5-2F3F-4335-A1EE-F6BBEE705E82}.Distribution|Windows-AnyCPU.ActiveCfg = Debug|Any CPU
		{AADF5CE5-2F3F-4335-A1EE-F6BBEE705E82}.Distribution|Windows-ARM.ActiveCfg = Debug|Any CPU
		{AADF5CE5-2F3F-4335-A1EE-F6BBEE705E82}.Distribution|Windows-x64.ActiveCfg = Debug|Any CPU
		{AADF5CE5-2F3F-4335-A1EE-F6BBEE705E82}.Distribution|Windows-x86.ActiveCfg = Debug|Any CPU
		{AADF5CE5-2F3F-4335-A1EE-F6BBEE705E82}.Release|Android.ActiveCfg = Release|Any CPU
		{AADF5CE5-2F3F-4335-A1EE-F6BBEE705E82}.Release|Any CPU.ActiveCfg = Release|Any CPU
		{AADF5CE5-2F3F-4335-A1EE-F6BBEE705E82}.Release|Any CPU.Build.0 = Release|Any CPU
		{AADF5CE5-2F3F-4335-A1EE-F6BBEE705E82}.Release|iOS.ActiveCfg = Release|Any CPU
		{AADF5CE5-2F3F-4335-A1EE-F6BBEE705E82}.Release|Mixed Platforms.ActiveCfg = Release|Any CPU
		{AADF5CE5-2F3F-4335-A1EE-F6BBEE705E82}.Release|Mixed Platforms.Build.0 = Release|Any CPU
		{AADF5CE5-2F3F-4335-A1EE-F6BBEE705E82}.Release|Windows Phone (Universal).ActiveCfg = Release|Any CPU
		{AADF5CE5-2F3F-4335-A1EE-F6BBEE705E82}.Release|Windows Phone 8.ActiveCfg = Release|Any CPU
		{AADF5CE5-2F3F-4335-A1EE-F6BBEE705E82}.Release|Windows-AnyCPU.ActiveCfg = Release|Any CPU
		{AADF5CE5-2F3F-4335-A1EE-F6BBEE705E82}.Release|Windows-ARM.ActiveCfg = Release|Any CPU
		{AADF5CE5-2F3F-4335-A1EE-F6BBEE705E82}.Release|Windows-x64.ActiveCfg = Release|Any CPU
		{AADF5CE5-2F3F-4335-A1EE-F6BBEE705E82}.Release|Windows-x86.ActiveCfg = Release|Any CPU
		{392BFD58-3096-45E3-BF54-21216F8837A8}.Debug|Android.ActiveCfg = Debug|Any CPU
		{392BFD58-3096-45E3-BF54-21216F8837A8}.Debug|Any CPU.ActiveCfg = Debug|Any CPU
		{392BFD58-3096-45E3-BF54-21216F8837A8}.Debug|Any CPU.Build.0 = Debug|Any CPU
		{392BFD58-3096-45E3-BF54-21216F8837A8}.Debug|iOS.ActiveCfg = Debug|Any CPU
		{392BFD58-3096-45E3-BF54-21216F8837A8}.Debug|Mixed Platforms.ActiveCfg = Debug|Any CPU
		{392BFD58-3096-45E3-BF54-21216F8837A8}.Debug|Mixed Platforms.Build.0 = Debug|Any CPU
		{392BFD58-3096-45E3-BF54-21216F8837A8}.Debug|Windows Phone (Universal).ActiveCfg = Debug|Any CPU
		{392BFD58-3096-45E3-BF54-21216F8837A8}.Debug|Windows Phone 8.ActiveCfg = Debug|Any CPU
		{392BFD58-3096-45E3-BF54-21216F8837A8}.Debug|Windows-AnyCPU.ActiveCfg = Debug|Any CPU
		{392BFD58-3096-45E3-BF54-21216F8837A8}.Debug|Windows-ARM.ActiveCfg = Debug|Any CPU
		{392BFD58-3096-45E3-BF54-21216F8837A8}.Debug|Windows-x64.ActiveCfg = Debug|Any CPU
		{392BFD58-3096-45E3-BF54-21216F8837A8}.Debug|Windows-x86.ActiveCfg = Debug|Any CPU
		{392BFD58-3096-45E3-BF54-21216F8837A8}.Distribution|Android.ActiveCfg = Debug|Any CPU
		{392BFD58-3096-45E3-BF54-21216F8837A8}.Distribution|Any CPU.ActiveCfg = Debug|Any CPU
		{392BFD58-3096-45E3-BF54-21216F8837A8}.Distribution|Any CPU.Build.0 = Debug|Any CPU
		{392BFD58-3096-45E3-BF54-21216F8837A8}.Distribution|iOS.ActiveCfg = Debug|Any CPU
		{392BFD58-3096-45E3-BF54-21216F8837A8}.Distribution|Mixed Platforms.ActiveCfg = Debug|Any CPU
		{392BFD58-3096-45E3-BF54-21216F8837A8}.Distribution|Mixed Platforms.Build.0 = Debug|Any CPU
		{392BFD58-3096-45E3-BF54-21216F8837A8}.Distribution|Windows Phone (Universal).ActiveCfg = Debug|Any CPU
		{392BFD58-3096-45E3-BF54-21216F8837A8}.Distribution|Windows Phone 8.ActiveCfg = Debug|Any CPU
		{392BFD58-3096-45E3-BF54-21216F8837A8}.Distribution|Windows-AnyCPU.ActiveCfg = Debug|Any CPU
		{392BFD58-3096-45E3-BF54-21216F8837A8}.Distribution|Windows-ARM.ActiveCfg = Debug|Any CPU
		{392BFD58-3096-45E3-BF54-21216F8837A8}.Distribution|Windows-x64.ActiveCfg = Debug|Any CPU
		{392BFD58-3096-45E3-BF54-21216F8837A8}.Distribution|Windows-x86.ActiveCfg = Debug|Any CPU
		{392BFD58-3096-45E3-BF54-21216F8837A8}.Release|Android.ActiveCfg = Release|Any CPU
		{392BFD58-3096-45E3-BF54-21216F8837A8}.Release|Any CPU.ActiveCfg = Release|Any CPU
		{392BFD58-3096-45E3-BF54-21216F8837A8}.Release|Any CPU.Build.0 = Release|Any CPU
		{392BFD58-3096-45E3-BF54-21216F8837A8}.Release|iOS.ActiveCfg = Release|Any CPU
		{392BFD58-3096-45E3-BF54-21216F8837A8}.Release|Mixed Platforms.ActiveCfg = Release|Any CPU
		{392BFD58-3096-45E3-BF54-21216F8837A8}.Release|Mixed Platforms.Build.0 = Release|Any CPU
		{392BFD58-3096-45E3-BF54-21216F8837A8}.Release|Windows Phone (Universal).ActiveCfg = Release|Any CPU
		{392BFD58-3096-45E3-BF54-21216F8837A8}.Release|Windows Phone 8.ActiveCfg = Release|Any CPU
		{392BFD58-3096-45E3-BF54-21216F8837A8}.Release|Windows-AnyCPU.ActiveCfg = Release|Any CPU
		{392BFD58-3096-45E3-BF54-21216F8837A8}.Release|Windows-ARM.ActiveCfg = Release|Any CPU
		{392BFD58-3096-45E3-BF54-21216F8837A8}.Release|Windows-x64.ActiveCfg = Release|Any CPU
		{392BFD58-3096-45E3-BF54-21216F8837A8}.Release|Windows-x86.ActiveCfg = Release|Any CPU
		{C00237AB-3722-4908-9AEE-3BEB3051EEDC}.Debug|Android.ActiveCfg = Debug|Any CPU
		{C00237AB-3722-4908-9AEE-3BEB3051EEDC}.Debug|Android.Build.0 = Debug|Any CPU
		{C00237AB-3722-4908-9AEE-3BEB3051EEDC}.Debug|Any CPU.ActiveCfg = Debug|Any CPU
		{C00237AB-3722-4908-9AEE-3BEB3051EEDC}.Debug|Any CPU.Build.0 = Debug|Any CPU
		{C00237AB-3722-4908-9AEE-3BEB3051EEDC}.Debug|iOS.ActiveCfg = Debug|Any CPU
		{C00237AB-3722-4908-9AEE-3BEB3051EEDC}.Debug|iOS.Build.0 = Debug|Any CPU
		{C00237AB-3722-4908-9AEE-3BEB3051EEDC}.Debug|Mixed Platforms.ActiveCfg = Debug|Any CPU
		{C00237AB-3722-4908-9AEE-3BEB3051EEDC}.Debug|Mixed Platforms.Build.0 = Debug|Any CPU
		{C00237AB-3722-4908-9AEE-3BEB3051EEDC}.Debug|Windows Phone (Universal).ActiveCfg = Debug|Any CPU
		{C00237AB-3722-4908-9AEE-3BEB3051EEDC}.Debug|Windows Phone (Universal).Build.0 = Debug|Any CPU
		{C00237AB-3722-4908-9AEE-3BEB3051EEDC}.Debug|Windows Phone 8.ActiveCfg = Debug|Any CPU
		{C00237AB-3722-4908-9AEE-3BEB3051EEDC}.Debug|Windows Phone 8.Build.0 = Debug|Any CPU
		{C00237AB-3722-4908-9AEE-3BEB3051EEDC}.Debug|Windows-AnyCPU.ActiveCfg = Debug|Any CPU
		{C00237AB-3722-4908-9AEE-3BEB3051EEDC}.Debug|Windows-AnyCPU.Build.0 = Debug|Any CPU
		{C00237AB-3722-4908-9AEE-3BEB3051EEDC}.Debug|Windows-ARM.ActiveCfg = Debug|Any CPU
		{C00237AB-3722-4908-9AEE-3BEB3051EEDC}.Debug|Windows-ARM.Build.0 = Debug|Any CPU
		{C00237AB-3722-4908-9AEE-3BEB3051EEDC}.Debug|Windows-x64.ActiveCfg = Debug|Any CPU
		{C00237AB-3722-4908-9AEE-3BEB3051EEDC}.Debug|Windows-x64.Build.0 = Debug|Any CPU
		{C00237AB-3722-4908-9AEE-3BEB3051EEDC}.Debug|Windows-x86.ActiveCfg = Debug|Any CPU
		{C00237AB-3722-4908-9AEE-3BEB3051EEDC}.Debug|Windows-x86.Build.0 = Debug|Any CPU
		{C00237AB-3722-4908-9AEE-3BEB3051EEDC}.Distribution|Android.ActiveCfg = Debug|Any CPU
		{C00237AB-3722-4908-9AEE-3BEB3051EEDC}.Distribution|Android.Build.0 = Debug|Any CPU
		{C00237AB-3722-4908-9AEE-3BEB3051EEDC}.Distribution|Any CPU.ActiveCfg = Debug|Any CPU
		{C00237AB-3722-4908-9AEE-3BEB3051EEDC}.Distribution|Any CPU.Build.0 = Debug|Any CPU
		{C00237AB-3722-4908-9AEE-3BEB3051EEDC}.Distribution|iOS.ActiveCfg = Debug|Any CPU
		{C00237AB-3722-4908-9AEE-3BEB3051EEDC}.Distribution|iOS.Build.0 = Debug|Any CPU
		{C00237AB-3722-4908-9AEE-3BEB3051EEDC}.Distribution|Mixed Platforms.ActiveCfg = Debug|Any CPU
		{C00237AB-3722-4908-9AEE-3BEB3051EEDC}.Distribution|Mixed Platforms.Build.0 = Debug|Any CPU
		{C00237AB-3722-4908-9AEE-3BEB3051EEDC}.Distribution|Windows Phone (Universal).ActiveCfg = Debug|Any CPU
		{C00237AB-3722-4908-9AEE-3BEB3051EEDC}.Distribution|Windows Phone (Universal).Build.0 = Debug|Any CPU
		{C00237AB-3722-4908-9AEE-3BEB3051EEDC}.Distribution|Windows Phone 8.ActiveCfg = Debug|Any CPU
		{C00237AB-3722-4908-9AEE-3BEB3051EEDC}.Distribution|Windows Phone 8.Build.0 = Debug|Any CPU
		{C00237AB-3722-4908-9AEE-3BEB3051EEDC}.Distribution|Windows-AnyCPU.ActiveCfg = Debug|Any CPU
		{C00237AB-3722-4908-9AEE-3BEB3051EEDC}.Distribution|Windows-AnyCPU.Build.0 = Debug|Any CPU
		{C00237AB-3722-4908-9AEE-3BEB3051EEDC}.Distribution|Windows-ARM.ActiveCfg = Debug|Any CPU
		{C00237AB-3722-4908-9AEE-3BEB3051EEDC}.Distribution|Windows-ARM.Build.0 = Debug|Any CPU
		{C00237AB-3722-4908-9AEE-3BEB3051EEDC}.Distribution|Windows-x64.ActiveCfg = Debug|Any CPU
		{C00237AB-3722-4908-9AEE-3BEB3051EEDC}.Distribution|Windows-x64.Build.0 = Debug|Any CPU
		{C00237AB-3722-4908-9AEE-3BEB3051EEDC}.Distribution|Windows-x86.ActiveCfg = Debug|Any CPU
		{C00237AB-3722-4908-9AEE-3BEB3051EEDC}.Distribution|Windows-x86.Build.0 = Debug|Any CPU
		{C00237AB-3722-4908-9AEE-3BEB3051EEDC}.Release|Android.ActiveCfg = Release|Any CPU
		{C00237AB-3722-4908-9AEE-3BEB3051EEDC}.Release|Android.Build.0 = Release|Any CPU
		{C00237AB-3722-4908-9AEE-3BEB3051EEDC}.Release|Any CPU.ActiveCfg = Release|Any CPU
		{C00237AB-3722-4908-9AEE-3BEB3051EEDC}.Release|Any CPU.Build.0 = Release|Any CPU
		{C00237AB-3722-4908-9AEE-3BEB3051EEDC}.Release|iOS.ActiveCfg = Release|Any CPU
		{C00237AB-3722-4908-9AEE-3BEB3051EEDC}.Release|iOS.Build.0 = Release|Any CPU
		{C00237AB-3722-4908-9AEE-3BEB3051EEDC}.Release|Mixed Platforms.ActiveCfg = Release|Any CPU
		{C00237AB-3722-4908-9AEE-3BEB3051EEDC}.Release|Mixed Platforms.Build.0 = Release|Any CPU
		{C00237AB-3722-4908-9AEE-3BEB3051EEDC}.Release|Windows Phone (Universal).ActiveCfg = Release|Any CPU
		{C00237AB-3722-4908-9AEE-3BEB3051EEDC}.Release|Windows Phone (Universal).Build.0 = Release|Any CPU
		{C00237AB-3722-4908-9AEE-3BEB3051EEDC}.Release|Windows Phone 8.ActiveCfg = Release|Any CPU
		{C00237AB-3722-4908-9AEE-3BEB3051EEDC}.Release|Windows Phone 8.Build.0 = Release|Any CPU
		{C00237AB-3722-4908-9AEE-3BEB3051EEDC}.Release|Windows-AnyCPU.ActiveCfg = Release|Any CPU
		{C00237AB-3722-4908-9AEE-3BEB3051EEDC}.Release|Windows-AnyCPU.Build.0 = Release|Any CPU
		{C00237AB-3722-4908-9AEE-3BEB3051EEDC}.Release|Windows-ARM.ActiveCfg = Release|Any CPU
		{C00237AB-3722-4908-9AEE-3BEB3051EEDC}.Release|Windows-ARM.Build.0 = Release|Any CPU
		{C00237AB-3722-4908-9AEE-3BEB3051EEDC}.Release|Windows-x64.ActiveCfg = Release|Any CPU
		{C00237AB-3722-4908-9AEE-3BEB3051EEDC}.Release|Windows-x64.Build.0 = Release|Any CPU
		{C00237AB-3722-4908-9AEE-3BEB3051EEDC}.Release|Windows-x86.ActiveCfg = Release|Any CPU
		{C00237AB-3722-4908-9AEE-3BEB3051EEDC}.Release|Windows-x86.Build.0 = Release|Any CPU
		{95D63C8C-6D5C-49BB-AA60-F65222071ED6}.Debug|Android.ActiveCfg = Debug|Any CPU
		{95D63C8C-6D5C-49BB-AA60-F65222071ED6}.Debug|Android.Build.0 = Debug|Any CPU
		{95D63C8C-6D5C-49BB-AA60-F65222071ED6}.Debug|Any CPU.ActiveCfg = Debug|Any CPU
		{95D63C8C-6D5C-49BB-AA60-F65222071ED6}.Debug|Any CPU.Build.0 = Debug|Any CPU
		{95D63C8C-6D5C-49BB-AA60-F65222071ED6}.Debug|iOS.ActiveCfg = Debug|Any CPU
		{95D63C8C-6D5C-49BB-AA60-F65222071ED6}.Debug|iOS.Build.0 = Debug|Any CPU
		{95D63C8C-6D5C-49BB-AA60-F65222071ED6}.Debug|Mixed Platforms.ActiveCfg = Debug|Any CPU
		{95D63C8C-6D5C-49BB-AA60-F65222071ED6}.Debug|Mixed Platforms.Build.0 = Debug|Any CPU
		{95D63C8C-6D5C-49BB-AA60-F65222071ED6}.Debug|Windows Phone (Universal).ActiveCfg = Debug|Any CPU
		{95D63C8C-6D5C-49BB-AA60-F65222071ED6}.Debug|Windows Phone (Universal).Build.0 = Debug|Any CPU
		{95D63C8C-6D5C-49BB-AA60-F65222071ED6}.Debug|Windows Phone 8.ActiveCfg = Debug|Any CPU
		{95D63C8C-6D5C-49BB-AA60-F65222071ED6}.Debug|Windows Phone 8.Build.0 = Debug|Any CPU
		{95D63C8C-6D5C-49BB-AA60-F65222071ED6}.Debug|Windows-AnyCPU.ActiveCfg = Debug|Any CPU
		{95D63C8C-6D5C-49BB-AA60-F65222071ED6}.Debug|Windows-AnyCPU.Build.0 = Debug|Any CPU
		{95D63C8C-6D5C-49BB-AA60-F65222071ED6}.Debug|Windows-ARM.ActiveCfg = Debug|Any CPU
		{95D63C8C-6D5C-49BB-AA60-F65222071ED6}.Debug|Windows-ARM.Build.0 = Debug|Any CPU
		{95D63C8C-6D5C-49BB-AA60-F65222071ED6}.Debug|Windows-x64.ActiveCfg = Debug|Any CPU
		{95D63C8C-6D5C-49BB-AA60-F65222071ED6}.Debug|Windows-x64.Build.0 = Debug|Any CPU
		{95D63C8C-6D5C-49BB-AA60-F65222071ED6}.Debug|Windows-x86.ActiveCfg = Debug|Any CPU
		{95D63C8C-6D5C-49BB-AA60-F65222071ED6}.Debug|Windows-x86.Build.0 = Debug|Any CPU
		{95D63C8C-6D5C-49BB-AA60-F65222071ED6}.Distribution|Android.ActiveCfg = Debug|Any CPU
		{95D63C8C-6D5C-49BB-AA60-F65222071ED6}.Distribution|Android.Build.0 = Debug|Any CPU
		{95D63C8C-6D5C-49BB-AA60-F65222071ED6}.Distribution|Any CPU.ActiveCfg = Debug|Any CPU
		{95D63C8C-6D5C-49BB-AA60-F65222071ED6}.Distribution|Any CPU.Build.0 = Debug|Any CPU
		{95D63C8C-6D5C-49BB-AA60-F65222071ED6}.Distribution|iOS.ActiveCfg = Debug|Any CPU
		{95D63C8C-6D5C-49BB-AA60-F65222071ED6}.Distribution|iOS.Build.0 = Debug|Any CPU
		{95D63C8C-6D5C-49BB-AA60-F65222071ED6}.Distribution|Mixed Platforms.ActiveCfg = Debug|Any CPU
		{95D63C8C-6D5C-49BB-AA60-F65222071ED6}.Distribution|Mixed Platforms.Build.0 = Debug|Any CPU
		{95D63C8C-6D5C-49BB-AA60-F65222071ED6}.Distribution|Windows Phone (Universal).ActiveCfg = Debug|Any CPU
		{95D63C8C-6D5C-49BB-AA60-F65222071ED6}.Distribution|Windows Phone (Universal).Build.0 = Debug|Any CPU
		{95D63C8C-6D5C-49BB-AA60-F65222071ED6}.Distribution|Windows Phone 8.ActiveCfg = Debug|Any CPU
		{95D63C8C-6D5C-49BB-AA60-F65222071ED6}.Distribution|Windows Phone 8.Build.0 = Debug|Any CPU
		{95D63C8C-6D5C-49BB-AA60-F65222071ED6}.Distribution|Windows-AnyCPU.ActiveCfg = Debug|Any CPU
		{95D63C8C-6D5C-49BB-AA60-F65222071ED6}.Distribution|Windows-AnyCPU.Build.0 = Debug|Any CPU
		{95D63C8C-6D5C-49BB-AA60-F65222071ED6}.Distribution|Windows-ARM.ActiveCfg = Debug|Any CPU
		{95D63C8C-6D5C-49BB-AA60-F65222071ED6}.Distribution|Windows-ARM.Build.0 = Debug|Any CPU
		{95D63C8C-6D5C-49BB-AA60-F65222071ED6}.Distribution|Windows-x64.ActiveCfg = Debug|Any CPU
		{95D63C8C-6D5C-49BB-AA60-F65222071ED6}.Distribution|Windows-x64.Build.0 = Debug|Any CPU
		{95D63C8C-6D5C-49BB-AA60-F65222071ED6}.Distribution|Windows-x86.ActiveCfg = Debug|Any CPU
		{95D63C8C-6D5C-49BB-AA60-F65222071ED6}.Distribution|Windows-x86.Build.0 = Debug|Any CPU
		{95D63C8C-6D5C-49BB-AA60-F65222071ED6}.Release|Android.ActiveCfg = Release|Any CPU
		{95D63C8C-6D5C-49BB-AA60-F65222071ED6}.Release|Android.Build.0 = Release|Any CPU
		{95D63C8C-6D5C-49BB-AA60-F65222071ED6}.Release|Any CPU.ActiveCfg = Release|Any CPU
		{95D63C8C-6D5C-49BB-AA60-F65222071ED6}.Release|Any CPU.Build.0 = Release|Any CPU
		{95D63C8C-6D5C-49BB-AA60-F65222071ED6}.Release|iOS.ActiveCfg = Release|Any CPU
		{95D63C8C-6D5C-49BB-AA60-F65222071ED6}.Release|iOS.Build.0 = Release|Any CPU
		{95D63C8C-6D5C-49BB-AA60-F65222071ED6}.Release|Mixed Platforms.ActiveCfg = Release|Any CPU
		{95D63C8C-6D5C-49BB-AA60-F65222071ED6}.Release|Mixed Platforms.Build.0 = Release|Any CPU
		{95D63C8C-6D5C-49BB-AA60-F65222071ED6}.Release|Windows Phone (Universal).ActiveCfg = Release|Any CPU
		{95D63C8C-6D5C-49BB-AA60-F65222071ED6}.Release|Windows Phone (Universal).Build.0 = Release|Any CPU
		{95D63C8C-6D5C-49BB-AA60-F65222071ED6}.Release|Windows Phone 8.ActiveCfg = Release|Any CPU
		{95D63C8C-6D5C-49BB-AA60-F65222071ED6}.Release|Windows Phone 8.Build.0 = Release|Any CPU
		{95D63C8C-6D5C-49BB-AA60-F65222071ED6}.Release|Windows-AnyCPU.ActiveCfg = Release|Any CPU
		{95D63C8C-6D5C-49BB-AA60-F65222071ED6}.Release|Windows-AnyCPU.Build.0 = Release|Any CPU
		{95D63C8C-6D5C-49BB-AA60-F65222071ED6}.Release|Windows-ARM.ActiveCfg = Release|Any CPU
		{95D63C8C-6D5C-49BB-AA60-F65222071ED6}.Release|Windows-ARM.Build.0 = Release|Any CPU
		{95D63C8C-6D5C-49BB-AA60-F65222071ED6}.Release|Windows-x64.ActiveCfg = Release|Any CPU
		{95D63C8C-6D5C-49BB-AA60-F65222071ED6}.Release|Windows-x64.Build.0 = Release|Any CPU
		{95D63C8C-6D5C-49BB-AA60-F65222071ED6}.Release|Windows-x86.ActiveCfg = Release|Any CPU
		{95D63C8C-6D5C-49BB-AA60-F65222071ED6}.Release|Windows-x86.Build.0 = Release|Any CPU
	EndGlobalSection
	GlobalSection(SolutionProperties) = preSolution
		HideSolutionNode = FALSE
	EndGlobalSection
	GlobalSection(NestedProjects) = preSolution
		{63291FB3-412C-4B23-A9CA-637712ED7F57} = {F92CC5F5-2E68-4DB2-9E9E-30DBEB2222EC}
		{EBC37516-D2EA-4BB1-BA06-1607B94A44A7} = {F92CC5F5-2E68-4DB2-9E9E-30DBEB2222EC}
		{79E88B8A-91B9-4929-B156-3368455CB723} = {D109AE09-3471-4965-AFDC-3F73E01BE329}
		{4FB134AD-1DA6-4A02-B9BD-873E94469324} = {D109AE09-3471-4965-AFDC-3F73E01BE329}
		{647CA819-CFA9-41C0-A53D-F180BCECA823} = {D8D968C8-C5A3-487A-8F6A-3A569CEB7A7D}
		{220A75EC-BA39-42FA-9DCF-3B29F10DBCB7} = {D8D968C8-C5A3-487A-8F6A-3A569CEB7A7D}
		{A4F06334-03A2-48DA-8777-4A62ACA7C371} = {0DCA8590-1763-4ADA-A40D-D542E050A9EC}
		{A5A1B3D1-7CD8-480A-8B2A-4CB8A72CC4B8} = {0DCA8590-1763-4ADA-A40D-D542E050A9EC}
		{DDD569A0-1E88-446C-A59F-244C7EECEC95} = {8241C119-EEDF-4D78-9BF1-841D190F7AF1}
		{59F4A7ED-073A-464F-8816-20FEC5EB559E} = {8241C119-EEDF-4D78-9BF1-841D190F7AF1}
		{AFF1A116-F5E1-4D2A-AE38-3C4D60AA1463} = {C8D5AEE1-105D-4148-8EB8-92E2D3677ED1}
		{3B54B201-6846-4A66-B87E-CC050CE18C96} = {C8D5AEE1-105D-4148-8EB8-92E2D3677ED1}
		{DB9A2C5F-BC46-47F4-B451-8BEB7142DCE5} = {4BEDEC65-2B2D-4038-A5E1-8D3DE4B9596D}
		{4C7C2837-E4AA-46C1-AFF5-0210231842B4} = {4BEDEC65-2B2D-4038-A5E1-8D3DE4B9596D}
		{AA1386C4-6B05-40A2-A568-D0039A4376B0} = {8B01F0D4-C0D9-4A6F-A101-557213870DE9}
		{54934A42-7867-46F3-87A7-12DF2C7082C1} = {8B01F0D4-C0D9-4A6F-A101-557213870DE9}
		{AADF5CE5-2F3F-4335-A1EE-F6BBEE705E82} = {089F8398-CA3E-4C1B-BA90-C005E2BE0CFF}
		{392BFD58-3096-45E3-BF54-21216F8837A8} = {089F8398-CA3E-4C1B-BA90-C005E2BE0CFF}
		{C00237AB-3722-4908-9AEE-3BEB3051EEDC} = {8B3BD1C0-734A-46C2-88A0-EC02302ABF98}
		{95D63C8C-6D5C-49BB-AA60-F65222071ED6} = {8B3BD1C0-734A-46C2-88A0-EC02302ABF98}
	EndGlobalSection
EndGlobal
